// !$*UTF8*$!
{
	archiveVersion = 1;
	classes = {
	};
	objectVersion = 46;
	objects = {

/* Begin PBXBuildFile section */
		283818C314723F1D007E4827 /* UIKit.framework in Frameworks */ = {isa = PBXBuildFile; fileRef = 283818C214723F1D007E4827 /* UIKit.framework */; };
		283818C514723F1D007E4827 /* Foundation.framework in Frameworks */ = {isa = PBXBuildFile; fileRef = 283818C414723F1D007E4827 /* Foundation.framework */; };
		283818C714723F1D007E4827 /* CoreGraphics.framework in Frameworks */ = {isa = PBXBuildFile; fileRef = 283818C614723F1D007E4827 /* CoreGraphics.framework */; };
		283818CD14723F1D007E4827 /* InfoPlist.strings in Resources */ = {isa = PBXBuildFile; fileRef = 283818CB14723F1D007E4827 /* InfoPlist.strings */; };
		283818CF14723F1D007E4827 /* main.m in Sources */ = {isa = PBXBuildFile; fileRef = 283818CE14723F1D007E4827 /* main.m */; };
		283818D314723F1D007E4827 /* AppDelegate.m in Sources */ = {isa = PBXBuildFile; fileRef = 283818D214723F1D007E4827 /* AppDelegate.m */; };
		2838197E1472ECB9007E4827 /* NSArray+PSKit.m in Sources */ = {isa = PBXBuildFile; fileRef = 283819611472ECB9007E4827 /* NSArray+PSKit.m */; };
		2838197F1472ECB9007E4827 /* NSData+PSKit.m in Sources */ = {isa = PBXBuildFile; fileRef = 283819631472ECB9007E4827 /* NSData+PSKit.m */; };
		283819801472ECB9007E4827 /* NSDate+Helper.m in Sources */ = {isa = PBXBuildFile; fileRef = 283819651472ECB9007E4827 /* NSDate+Helper.m */; };
		283819811472ECB9007E4827 /* NSDate+PSKit.m in Sources */ = {isa = PBXBuildFile; fileRef = 283819671472ECB9007E4827 /* NSDate+PSKit.m */; };
		283819821472ECB9007E4827 /* NSObject+PSKit.m in Sources */ = {isa = PBXBuildFile; fileRef = 283819691472ECB9007E4827 /* NSObject+PSKit.m */; };
		283819831472ECB9007E4827 /* NSString+PSKit.m in Sources */ = {isa = PBXBuildFile; fileRef = 2838196B1472ECB9007E4827 /* NSString+PSKit.m */; };
		283819841472ECB9007E4827 /* NSURL+PSKit.m in Sources */ = {isa = PBXBuildFile; fileRef = 2838196D1472ECB9007E4827 /* NSURL+PSKit.m */; };
		283819851472ECB9007E4827 /* UIBarButtonItem+PSKit.m in Sources */ = {isa = PBXBuildFile; fileRef = 2838196F1472ECB9007E4827 /* UIBarButtonItem+PSKit.m */; };
		283819861472ECB9007E4827 /* UIButton+PSKit.m in Sources */ = {isa = PBXBuildFile; fileRef = 283819711472ECB9007E4827 /* UIButton+PSKit.m */; };
		283819871472ECB9007E4827 /* UIColor+PSKit.m in Sources */ = {isa = PBXBuildFile; fileRef = 283819731472ECB9007E4827 /* UIColor+PSKit.m */; };
		283819881472ECB9007E4827 /* UIDevice+Hardware.m in Sources */ = {isa = PBXBuildFile; fileRef = 283819751472ECB9007E4827 /* UIDevice+Hardware.m */; };
		283819891472ECB9007E4827 /* UIImage+PSKit.m in Sources */ = {isa = PBXBuildFile; fileRef = 283819771472ECB9007E4827 /* UIImage+PSKit.m */; };
		2838198A1472ECB9007E4827 /* UILabel+PSKit.m in Sources */ = {isa = PBXBuildFile; fileRef = 283819791472ECB9007E4827 /* UILabel+PSKit.m */; };
		2838198B1472ECB9007E4827 /* UIScreen+PSKit.m in Sources */ = {isa = PBXBuildFile; fileRef = 2838197B1472ECB9007E4827 /* UIScreen+PSKit.m */; };
		2838198C1472ECB9007E4827 /* UIView+PSKit.m in Sources */ = {isa = PBXBuildFile; fileRef = 2838197D1472ECB9007E4827 /* UIView+PSKit.m */; };
		28381A111472ECFA007E4827 /* PSBaseViewController.m in Sources */ = {isa = PBXBuildFile; fileRef = 283819911472ECFA007E4827 /* PSBaseViewController.m */; };
		28381A121472ECFA007E4827 /* PSCell.m in Sources */ = {isa = PBXBuildFile; fileRef = 283819931472ECFA007E4827 /* PSCell.m */; };
		28381A131472ECFA007E4827 /* PSImageArrayView.m in Sources */ = {isa = PBXBuildFile; fileRef = 283819951472ECFA007E4827 /* PSImageArrayView.m */; };
		28381A141472ECFA007E4827 /* PSImageCell.m in Sources */ = {isa = PBXBuildFile; fileRef = 283819971472ECFA007E4827 /* PSImageCell.m */; };
		28381A151472ECFA007E4827 /* PSImageView.m in Sources */ = {isa = PBXBuildFile; fileRef = 283819991472ECFA007E4827 /* PSImageView.m */; };
		28381A161472ECFA007E4827 /* PSNullView.m in Sources */ = {isa = PBXBuildFile; fileRef = 2838199C1472ECFA007E4827 /* PSNullView.m */; };
		28381A171472ECFA007E4827 /* PSObject.m in Sources */ = {isa = PBXBuildFile; fileRef = 2838199E1472ECFA007E4827 /* PSObject.m */; };
		28381A181472ECFA007E4827 /* PSOverlayImageView.m in Sources */ = {isa = PBXBuildFile; fileRef = 283819A01472ECFA007E4827 /* PSOverlayImageView.m */; };
		28381A191472ECFA007E4827 /* PSRandomSortDescriptor.m in Sources */ = {isa = PBXBuildFile; fileRef = 283819A21472ECFA007E4827 /* PSRandomSortDescriptor.m */; };
		28381A1A1472ECFA007E4827 /* PSRollupView.m in Sources */ = {isa = PBXBuildFile; fileRef = 283819A41472ECFA007E4827 /* PSRollupView.m */; };
		28381A1B1472ECFA007E4827 /* PSSearchField.m in Sources */ = {isa = PBXBuildFile; fileRef = 283819A61472ECFA007E4827 /* PSSearchField.m */; };
		28381A1C1472ECFA007E4827 /* PSStarView.m in Sources */ = {isa = PBXBuildFile; fileRef = 283819A81472ECFA007E4827 /* PSStarView.m */; };
		28381A1D1472ECFA007E4827 /* PSTableViewController.m in Sources */ = {isa = PBXBuildFile; fileRef = 283819AB1472ECFA007E4827 /* PSTableViewController.m */; };
		28381A1E1472ECFA007E4827 /* PSTextField.m in Sources */ = {isa = PBXBuildFile; fileRef = 283819AD1472ECFA007E4827 /* PSTextField.m */; };
		28381A1F1472ECFA007E4827 /* PSTextView.m in Sources */ = {isa = PBXBuildFile; fileRef = 283819AF1472ECFA007E4827 /* PSTextView.m */; };
		28381A201472ECFA007E4827 /* PSTutorialView.m in Sources */ = {isa = PBXBuildFile; fileRef = 283819B11472ECFA007E4827 /* PSTutorialView.m */; };
		28381A211472ECFA007E4827 /* PSURLCacheImageView.m in Sources */ = {isa = PBXBuildFile; fileRef = 283819B31472ECFA007E4827 /* PSURLCacheImageView.m */; };
		28381A221472ECFA007E4827 /* PSView.m in Sources */ = {isa = PBXBuildFile; fileRef = 283819B51472ECFA007E4827 /* PSView.m */; };
		28381A231472ECFA007E4827 /* PSViewController.m in Sources */ = {isa = PBXBuildFile; fileRef = 283819B71472ECFA007E4827 /* PSViewController.m */; };
		28381A241472ECFA007E4827 /* PSKit.bundle in Resources */ = {isa = PBXBuildFile; fileRef = 283819B81472ECFA007E4827 /* PSKit.bundle */; };
		28381A271472ECFA007E4827 /* PSNavigationBar.m in Sources */ = {isa = PBXBuildFile; fileRef = 283819BD1472ECFA007E4827 /* PSNavigationBar.m */; };
		28381A281472ECFA007E4827 /* PSNavigationController.xib in Resources */ = {isa = PBXBuildFile; fileRef = 283819BE1472ECFA007E4827 /* PSNavigationController.xib */; };
		28381A291472ECFA007E4827 /* AFHTTPClient.m in Sources */ = {isa = PBXBuildFile; fileRef = 283819C21472ECFA007E4827 /* AFHTTPClient.m */; };
		28381A2A1472ECFA007E4827 /* AFHTTPRequestOperation.m in Sources */ = {isa = PBXBuildFile; fileRef = 283819C41472ECFA007E4827 /* AFHTTPRequestOperation.m */; };
		28381A2B1472ECFA007E4827 /* AFImageCache.m in Sources */ = {isa = PBXBuildFile; fileRef = 283819C61472ECFA007E4827 /* AFImageCache.m */; };
		28381A2C1472ECFA007E4827 /* AFImageRequestOperation.m in Sources */ = {isa = PBXBuildFile; fileRef = 283819C81472ECFA007E4827 /* AFImageRequestOperation.m */; };
		28381A2D1472ECFA007E4827 /* AFJSONRequestOperation.m in Sources */ = {isa = PBXBuildFile; fileRef = 283819CA1472ECFA007E4827 /* AFJSONRequestOperation.m */; };
		28381A2E1472ECFA007E4827 /* AFNetworkActivityIndicatorManager.m in Sources */ = {isa = PBXBuildFile; fileRef = 283819CD1472ECFA007E4827 /* AFNetworkActivityIndicatorManager.m */; };
		28381A2F1472ECFA007E4827 /* AFPropertyListRequestOperation.m in Sources */ = {isa = PBXBuildFile; fileRef = 283819D01472ECFA007E4827 /* AFPropertyListRequestOperation.m */; };
		28381A301472ECFA007E4827 /* AFURLConnectionOperation.m in Sources */ = {isa = PBXBuildFile; fileRef = 283819D21472ECFA007E4827 /* AFURLConnectionOperation.m */; };
		28381A311472ECFA007E4827 /* AFXMLRequestOperation.m in Sources */ = {isa = PBXBuildFile; fileRef = 283819D41472ECFA007E4827 /* AFXMLRequestOperation.m */; };
		28381A321472ECFA007E4827 /* UIImageView+AFNetworking.m in Sources */ = {isa = PBXBuildFile; fileRef = 283819D61472ECFA007E4827 /* UIImageView+AFNetworking.m */; };
		28381A331472ECFA007E4827 /* AFURLCache.m in Sources */ = {isa = PBXBuildFile; fileRef = 283819D91472ECFA007E4827 /* AFURLCache.m */; };
		28381A341472ECFA007E4827 /* EGODatabase.m in Sources */ = {isa = PBXBuildFile; fileRef = 283819DC1472ECFA007E4827 /* EGODatabase.m */; };
		28381A351472ECFA007E4827 /* EGODatabaseRequest.m in Sources */ = {isa = PBXBuildFile; fileRef = 283819DE1472ECFA007E4827 /* EGODatabaseRequest.m */; };
		28381A361472ECFA007E4827 /* EGODatabaseResult.m in Sources */ = {isa = PBXBuildFile; fileRef = 283819E01472ECFA007E4827 /* EGODatabaseResult.m */; };
		28381A371472ECFA007E4827 /* EGODatabaseRow.m in Sources */ = {isa = PBXBuildFile; fileRef = 283819E21472ECFA007E4827 /* EGODatabaseRow.m */; };
		28381A381472ECFA007E4827 /* Facebook.m in Sources */ = {isa = PBXBuildFile; fileRef = 283819E51472ECFA007E4827 /* Facebook.m */; };
		28381A391472ECFA007E4827 /* FBDialog.bundle in Resources */ = {isa = PBXBuildFile; fileRef = 283819E71472ECFA007E4827 /* FBDialog.bundle */; };
		28381A3A1472ECFA007E4827 /* FBDialog.m in Sources */ = {isa = PBXBuildFile; fileRef = 283819E91472ECFA007E4827 /* FBDialog.m */; };
		28381A3B1472ECFA007E4827 /* FBLoginDialog.m in Sources */ = {isa = PBXBuildFile; fileRef = 283819EB1472ECFA007E4827 /* FBLoginDialog.m */; };
		28381A3C1472ECFA007E4827 /* FBRequest.m in Sources */ = {isa = PBXBuildFile; fileRef = 283819ED1472ECFA007E4827 /* FBRequest.m */; };
		28381A3D1472ECFA007E4827 /* TTTArrayFormatter.m in Sources */ = {isa = PBXBuildFile; fileRef = 283819F11472ECFA007E4827 /* TTTArrayFormatter.m */; };
		28381A3E1472ECFA007E4827 /* TTTHoursOfOperation.m in Sources */ = {isa = PBXBuildFile; fileRef = 283819F41472ECFA007E4827 /* TTTHoursOfOperation.m */; };
		28381A3F1472ECFA007E4827 /* TTTLocationFormatter.m in Sources */ = {isa = PBXBuildFile; fileRef = 283819F71472ECFA007E4827 /* TTTLocationFormatter.m */; };
		28381A401472ECFA007E4827 /* TTTOrdinalNumberFormatter.m in Sources */ = {isa = PBXBuildFile; fileRef = 283819FA1472ECFA007E4827 /* TTTOrdinalNumberFormatter.m */; };
		28381A411472ECFA007E4827 /* TTTTimeIntervalFormatter.m in Sources */ = {isa = PBXBuildFile; fileRef = 283819FD1472ECFA007E4827 /* TTTTimeIntervalFormatter.m */; };
		28381A421472ECFA007E4827 /* TTTURLRequestFormatter.m in Sources */ = {isa = PBXBuildFile; fileRef = 28381A001472ECFA007E4827 /* TTTURLRequestFormatter.m */; };
		28381A431472ECFA007E4827 /* JSONKit.m in Sources */ = {isa = PBXBuildFile; fileRef = 28381A031472ECFA007E4827 /* JSONKit.m */; };
		28381A451472ECFA007E4827 /* Reachability.m in Sources */ = {isa = PBXBuildFile; fileRef = 28381A091472ECFA007E4827 /* Reachability.m */; };
		28381A461472ECFA007E4827 /* SVProgressHUD.bundle in Resources */ = {isa = PBXBuildFile; fileRef = 28381A0B1472ECFA007E4827 /* SVProgressHUD.bundle */; };
		28381A471472ECFA007E4827 /* SVProgressHUD.m in Sources */ = {isa = PBXBuildFile; fileRef = 28381A0D1472ECFA007E4827 /* SVProgressHUD.m */; };
		28381A481472ECFA007E4827 /* TTTAttributedLabel.m in Sources */ = {isa = PBXBuildFile; fileRef = 28381A101472ECFA007E4827 /* TTTAttributedLabel.m */; };
		28381A701472ED01007E4827 /* PSDatabaseCenter.m in Sources */ = {isa = PBXBuildFile; fileRef = 28381A4C1472ED01007E4827 /* PSDatabaseCenter.m */; };
		28381A711472ED01007E4827 /* PSDataCenter.m in Sources */ = {isa = PBXBuildFile; fileRef = 28381A4F1472ED01007E4827 /* PSDataCenter.m */; };
		28381A721472ED01007E4827 /* PSFacebookCenter.m in Sources */ = {isa = PBXBuildFile; fileRef = 28381A531472ED01007E4827 /* PSFacebookCenter.m */; };
		28381A731472ED01007E4827 /* PSImageCache.m in Sources */ = {isa = PBXBuildFile; fileRef = 28381A561472ED01007E4827 /* PSImageCache.m */; };
		28381A741472ED01007E4827 /* PSLocationCenter.m in Sources */ = {isa = PBXBuildFile; fileRef = 28381A5A1472ED01007E4827 /* PSLocationCenter.m */; };
		28381A751472ED01007E4827 /* PSMailCenter.m in Sources */ = {isa = PBXBuildFile; fileRef = 28381A5D1472ED01007E4827 /* PSMailCenter.m */; };
		28381A761472ED01007E4827 /* PSReachabilityCenter.m in Sources */ = {isa = PBXBuildFile; fileRef = 28381A601472ED01007E4827 /* PSReachabilityCenter.m */; };
		28381A771472ED01007E4827 /* PSSearchCenter.m in Sources */ = {isa = PBXBuildFile; fileRef = 28381A631472ED01007E4827 /* PSSearchCenter.m */; };
		28381A7A1472ED01007E4827 /* bg_toast.png in Resources */ = {isa = PBXBuildFile; fileRef = 28381A691472ED01007E4827 /* bg_toast.png */; };
		28381A7B1472ED01007E4827 /* bg_toast@2x.png in Resources */ = {isa = PBXBuildFile; fileRef = 28381A6A1472ED01007E4827 /* bg_toast@2x.png */; };
		28381A7C1472ED01007E4827 /* PSToastCenter.m in Sources */ = {isa = PBXBuildFile; fileRef = 28381A6C1472ED01007E4827 /* PSToastCenter.m */; };
		28381A7D1472ED01007E4827 /* PSURLCache.m in Sources */ = {isa = PBXBuildFile; fileRef = 28381A6F1472ED01007E4827 /* PSURLCache.m */; };
		28381A7F1472ED1C007E4827 /* QuartzCore.framework in Frameworks */ = {isa = PBXBuildFile; fileRef = 28381A7E1472ED1C007E4827 /* QuartzCore.framework */; };
		28381A841472EF41007E4827 /* EGORefreshTableHeaderView.m in Sources */ = {isa = PBXBuildFile; fileRef = 28381A821472EF41007E4827 /* EGORefreshTableHeaderView.m */; };
		28381A851472EF41007E4827 /* PullToRefresh.bundle in Resources */ = {isa = PBXBuildFile; fileRef = 28381A831472EF41007E4827 /* PullToRefresh.bundle */; };
		28381A921472F88B007E4827 /* libsqlite3.dylib in Frameworks */ = {isa = PBXBuildFile; fileRef = 28381A911472F88A007E4827 /* libsqlite3.dylib */; };
		28381A941472F899007E4827 /* SystemConfiguration.framework in Frameworks */ = {isa = PBXBuildFile; fileRef = 28381A931472F899007E4827 /* SystemConfiguration.framework */; };
		28381A961472F8B7007E4827 /* MobileCoreServices.framework in Frameworks */ = {isa = PBXBuildFile; fileRef = 28381A951472F8B7007E4827 /* MobileCoreServices.framework */; };
		28381A981472F8C8007E4827 /* CoreText.framework in Frameworks */ = {isa = PBXBuildFile; fileRef = 28381A971472F8C8007E4827 /* CoreText.framework */; };
		28381A9A1472F8EF007E4827 /* CoreLocation.framework in Frameworks */ = {isa = PBXBuildFile; fileRef = 28381A991472F8EF007E4827 /* CoreLocation.framework */; };
		28381A9C1472F914007E4827 /* MessageUI.framework in Frameworks */ = {isa = PBXBuildFile; fileRef = 28381A9B1472F914007E4827 /* MessageUI.framework */; };
		2869870A1473101100B40860 /* PSNavigationBar.bundle in Resources */ = {isa = PBXBuildFile; fileRef = 286987091473101100B40860 /* PSNavigationBar.bundle */; };
		2869870F1473108400B40860 /* PSStyleSheet.m in Sources */ = {isa = PBXBuildFile; fileRef = 2869870D1473108400B40860 /* PSStyleSheet.m */; };
		286987101473108400B40860 /* PSStyleSheet-Default.plist in Resources */ = {isa = PBXBuildFile; fileRef = 2869870E1473108400B40860 /* PSStyleSheet-Default.plist */; };
		286987251473139E00B40860 /* BackgroundBlueprint.jpg in Resources */ = {isa = PBXBuildFile; fileRef = 2869871C1473139E00B40860 /* BackgroundBlueprint.jpg */; };
		286987261473139E00B40860 /* BackgroundBlueprint@2x.jpg in Resources */ = {isa = PBXBuildFile; fileRef = 2869871D1473139E00B40860 /* BackgroundBlueprint@2x.jpg */; };
		286987271473139E00B40860 /* BackgroundBlueprint~ipad.jpg in Resources */ = {isa = PBXBuildFile; fileRef = 2869871E1473139E00B40860 /* BackgroundBlueprint~ipad.jpg */; };
		286987281473139E00B40860 /* BackgroundLeather.jpg in Resources */ = {isa = PBXBuildFile; fileRef = 2869871F1473139E00B40860 /* BackgroundLeather.jpg */; };
		286987291473139E00B40860 /* BackgroundLeather@2x.jpg in Resources */ = {isa = PBXBuildFile; fileRef = 286987201473139E00B40860 /* BackgroundLeather@2x.jpg */; };
		2869872A1473139E00B40860 /* BackgroundLeather~ipad.jpg in Resources */ = {isa = PBXBuildFile; fileRef = 286987211473139E00B40860 /* BackgroundLeather~ipad.jpg */; };
		2869872B1473139E00B40860 /* Default.jpg in Resources */ = {isa = PBXBuildFile; fileRef = 286987221473139E00B40860 /* Default.jpg */; };
		2869872C1473139E00B40860 /* Default@2x.jpg in Resources */ = {isa = PBXBuildFile; fileRef = 286987231473139E00B40860 /* Default@2x.jpg */; };
		2869872D1473139E00B40860 /* Default~ipad.jpg in Resources */ = {isa = PBXBuildFile; fileRef = 286987241473139E00B40860 /* Default~ipad.jpg */; };
		28698731147387C200B40860 /* PSStyleSheet.plist in Resources */ = {isa = PBXBuildFile; fileRef = 28698730147387C200B40860 /* PSStyleSheet.plist */; };
/* End PBXBuildFile section */

/* Begin PBXFileReference section */
		283818BE14723F1D007E4827 /* PSKitDemo.app */ = {isa = PBXFileReference; explicitFileType = wrapper.application; includeInIndex = 0; path = PSKitDemo.app; sourceTree = BUILT_PRODUCTS_DIR; };
		283818C214723F1D007E4827 /* UIKit.framework */ = {isa = PBXFileReference; lastKnownFileType = wrapper.framework; name = UIKit.framework; path = System/Library/Frameworks/UIKit.framework; sourceTree = SDKROOT; };
		283818C414723F1D007E4827 /* Foundation.framework */ = {isa = PBXFileReference; lastKnownFileType = wrapper.framework; name = Foundation.framework; path = System/Library/Frameworks/Foundation.framework; sourceTree = SDKROOT; };
		283818C614723F1D007E4827 /* CoreGraphics.framework */ = {isa = PBXFileReference; lastKnownFileType = wrapper.framework; name = CoreGraphics.framework; path = System/Library/Frameworks/CoreGraphics.framework; sourceTree = SDKROOT; };
		283818CA14723F1D007E4827 /* PSKitDemo-Info.plist */ = {isa = PBXFileReference; lastKnownFileType = text.plist.xml; path = "PSKitDemo-Info.plist"; sourceTree = "<group>"; };
		283818CC14723F1D007E4827 /* en */ = {isa = PBXFileReference; lastKnownFileType = text.plist.strings; name = en; path = en.lproj/InfoPlist.strings; sourceTree = "<group>"; };
		283818CE14723F1D007E4827 /* main.m */ = {isa = PBXFileReference; lastKnownFileType = sourcecode.c.objc; path = main.m; sourceTree = "<group>"; };
		283818D014723F1D007E4827 /* PSKitDemo-Prefix.pch */ = {isa = PBXFileReference; lastKnownFileType = sourcecode.c.h; path = "PSKitDemo-Prefix.pch"; sourceTree = "<group>"; };
		283818D114723F1D007E4827 /* AppDelegate.h */ = {isa = PBXFileReference; lastKnownFileType = sourcecode.c.h; path = AppDelegate.h; sourceTree = "<group>"; };
		283818D214723F1D007E4827 /* AppDelegate.m */ = {isa = PBXFileReference; lastKnownFileType = sourcecode.c.objc; path = AppDelegate.m; sourceTree = "<group>"; };
		283819601472ECB9007E4827 /* NSArray+PSKit.h */ = {isa = PBXFileReference; fileEncoding = 4; lastKnownFileType = sourcecode.c.h; path = "NSArray+PSKit.h"; sourceTree = "<group>"; };
		283819611472ECB9007E4827 /* NSArray+PSKit.m */ = {isa = PBXFileReference; fileEncoding = 4; lastKnownFileType = sourcecode.c.objc; path = "NSArray+PSKit.m"; sourceTree = "<group>"; };
		283819621472ECB9007E4827 /* NSData+PSKit.h */ = {isa = PBXFileReference; fileEncoding = 4; lastKnownFileType = sourcecode.c.h; path = "NSData+PSKit.h"; sourceTree = "<group>"; };
		283819631472ECB9007E4827 /* NSData+PSKit.m */ = {isa = PBXFileReference; fileEncoding = 4; lastKnownFileType = sourcecode.c.objc; path = "NSData+PSKit.m"; sourceTree = "<group>"; };
		283819641472ECB9007E4827 /* NSDate+Helper.h */ = {isa = PBXFileReference; fileEncoding = 4; lastKnownFileType = sourcecode.c.h; path = "NSDate+Helper.h"; sourceTree = "<group>"; };
		283819651472ECB9007E4827 /* NSDate+Helper.m */ = {isa = PBXFileReference; fileEncoding = 4; lastKnownFileType = sourcecode.c.objc; path = "NSDate+Helper.m"; sourceTree = "<group>"; };
		283819661472ECB9007E4827 /* NSDate+PSKit.h */ = {isa = PBXFileReference; fileEncoding = 4; lastKnownFileType = sourcecode.c.h; path = "NSDate+PSKit.h"; sourceTree = "<group>"; };
		283819671472ECB9007E4827 /* NSDate+PSKit.m */ = {isa = PBXFileReference; fileEncoding = 4; lastKnownFileType = sourcecode.c.objc; path = "NSDate+PSKit.m"; sourceTree = "<group>"; };
		283819681472ECB9007E4827 /* NSObject+PSKit.h */ = {isa = PBXFileReference; fileEncoding = 4; lastKnownFileType = sourcecode.c.h; path = "NSObject+PSKit.h"; sourceTree = "<group>"; };
		283819691472ECB9007E4827 /* NSObject+PSKit.m */ = {isa = PBXFileReference; fileEncoding = 4; lastKnownFileType = sourcecode.c.objc; path = "NSObject+PSKit.m"; sourceTree = "<group>"; };
		2838196A1472ECB9007E4827 /* NSString+PSKit.h */ = {isa = PBXFileReference; fileEncoding = 4; lastKnownFileType = sourcecode.c.h; path = "NSString+PSKit.h"; sourceTree = "<group>"; };
		2838196B1472ECB9007E4827 /* NSString+PSKit.m */ = {isa = PBXFileReference; fileEncoding = 4; lastKnownFileType = sourcecode.c.objc; path = "NSString+PSKit.m"; sourceTree = "<group>"; };
		2838196C1472ECB9007E4827 /* NSURL+PSKit.h */ = {isa = PBXFileReference; fileEncoding = 4; lastKnownFileType = sourcecode.c.h; path = "NSURL+PSKit.h"; sourceTree = "<group>"; };
		2838196D1472ECB9007E4827 /* NSURL+PSKit.m */ = {isa = PBXFileReference; fileEncoding = 4; lastKnownFileType = sourcecode.c.objc; path = "NSURL+PSKit.m"; sourceTree = "<group>"; };
		2838196E1472ECB9007E4827 /* UIBarButtonItem+PSKit.h */ = {isa = PBXFileReference; fileEncoding = 4; lastKnownFileType = sourcecode.c.h; path = "UIBarButtonItem+PSKit.h"; sourceTree = "<group>"; };
		2838196F1472ECB9007E4827 /* UIBarButtonItem+PSKit.m */ = {isa = PBXFileReference; fileEncoding = 4; lastKnownFileType = sourcecode.c.objc; path = "UIBarButtonItem+PSKit.m"; sourceTree = "<group>"; };
		283819701472ECB9007E4827 /* UIButton+PSKit.h */ = {isa = PBXFileReference; fileEncoding = 4; lastKnownFileType = sourcecode.c.h; path = "UIButton+PSKit.h"; sourceTree = "<group>"; };
		283819711472ECB9007E4827 /* UIButton+PSKit.m */ = {isa = PBXFileReference; fileEncoding = 4; lastKnownFileType = sourcecode.c.objc; path = "UIButton+PSKit.m"; sourceTree = "<group>"; };
		283819721472ECB9007E4827 /* UIColor+PSKit.h */ = {isa = PBXFileReference; fileEncoding = 4; lastKnownFileType = sourcecode.c.h; path = "UIColor+PSKit.h"; sourceTree = "<group>"; };
		283819731472ECB9007E4827 /* UIColor+PSKit.m */ = {isa = PBXFileReference; fileEncoding = 4; lastKnownFileType = sourcecode.c.objc; path = "UIColor+PSKit.m"; sourceTree = "<group>"; };
		283819741472ECB9007E4827 /* UIDevice+Hardware.h */ = {isa = PBXFileReference; fileEncoding = 4; lastKnownFileType = sourcecode.c.h; path = "UIDevice+Hardware.h"; sourceTree = "<group>"; };
		283819751472ECB9007E4827 /* UIDevice+Hardware.m */ = {isa = PBXFileReference; fileEncoding = 4; lastKnownFileType = sourcecode.c.objc; path = "UIDevice+Hardware.m"; sourceTree = "<group>"; };
		283819761472ECB9007E4827 /* UIImage+PSKit.h */ = {isa = PBXFileReference; fileEncoding = 4; lastKnownFileType = sourcecode.c.h; path = "UIImage+PSKit.h"; sourceTree = "<group>"; };
		283819771472ECB9007E4827 /* UIImage+PSKit.m */ = {isa = PBXFileReference; fileEncoding = 4; lastKnownFileType = sourcecode.c.objc; path = "UIImage+PSKit.m"; sourceTree = "<group>"; };
		283819781472ECB9007E4827 /* UILabel+PSKit.h */ = {isa = PBXFileReference; fileEncoding = 4; lastKnownFileType = sourcecode.c.h; path = "UILabel+PSKit.h"; sourceTree = "<group>"; };
		283819791472ECB9007E4827 /* UILabel+PSKit.m */ = {isa = PBXFileReference; fileEncoding = 4; lastKnownFileType = sourcecode.c.objc; path = "UILabel+PSKit.m"; sourceTree = "<group>"; };
		2838197A1472ECB9007E4827 /* UIScreen+PSKit.h */ = {isa = PBXFileReference; fileEncoding = 4; lastKnownFileType = sourcecode.c.h; path = "UIScreen+PSKit.h"; sourceTree = "<group>"; };
		2838197B1472ECB9007E4827 /* UIScreen+PSKit.m */ = {isa = PBXFileReference; fileEncoding = 4; lastKnownFileType = sourcecode.c.objc; path = "UIScreen+PSKit.m"; sourceTree = "<group>"; };
		2838197C1472ECB9007E4827 /* UIView+PSKit.h */ = {isa = PBXFileReference; fileEncoding = 4; lastKnownFileType = sourcecode.c.h; path = "UIView+PSKit.h"; sourceTree = "<group>"; };
		2838197D1472ECB9007E4827 /* UIView+PSKit.m */ = {isa = PBXFileReference; fileEncoding = 4; lastKnownFileType = sourcecode.c.objc; path = "UIView+PSKit.m"; sourceTree = "<group>"; };
		2838198E1472ECFA007E4827 /* PSConstants.h */ = {isa = PBXFileReference; fileEncoding = 4; lastKnownFileType = sourcecode.c.h; path = PSConstants.h; sourceTree = "<group>"; };
		283819901472ECFA007E4827 /* PSBaseViewController.h */ = {isa = PBXFileReference; fileEncoding = 4; lastKnownFileType = sourcecode.c.h; path = PSBaseViewController.h; sourceTree = "<group>"; };
		283819911472ECFA007E4827 /* PSBaseViewController.m */ = {isa = PBXFileReference; fileEncoding = 4; lastKnownFileType = sourcecode.c.objc; path = PSBaseViewController.m; sourceTree = "<group>"; };
		283819921472ECFA007E4827 /* PSCell.h */ = {isa = PBXFileReference; fileEncoding = 4; lastKnownFileType = sourcecode.c.h; path = PSCell.h; sourceTree = "<group>"; };
		283819931472ECFA007E4827 /* PSCell.m */ = {isa = PBXFileReference; fileEncoding = 4; lastKnownFileType = sourcecode.c.objc; path = PSCell.m; sourceTree = "<group>"; };
		283819941472ECFA007E4827 /* PSImageArrayView.h */ = {isa = PBXFileReference; fileEncoding = 4; lastKnownFileType = sourcecode.c.h; path = PSImageArrayView.h; sourceTree = "<group>"; };
		283819951472ECFA007E4827 /* PSImageArrayView.m */ = {isa = PBXFileReference; fileEncoding = 4; lastKnownFileType = sourcecode.c.objc; path = PSImageArrayView.m; sourceTree = "<group>"; };
		283819961472ECFA007E4827 /* PSImageCell.h */ = {isa = PBXFileReference; fileEncoding = 4; lastKnownFileType = sourcecode.c.h; path = PSImageCell.h; sourceTree = "<group>"; };
		283819971472ECFA007E4827 /* PSImageCell.m */ = {isa = PBXFileReference; fileEncoding = 4; lastKnownFileType = sourcecode.c.objc; path = PSImageCell.m; sourceTree = "<group>"; };
		283819981472ECFA007E4827 /* PSImageView.h */ = {isa = PBXFileReference; fileEncoding = 4; lastKnownFileType = sourcecode.c.h; path = PSImageView.h; sourceTree = "<group>"; };
		283819991472ECFA007E4827 /* PSImageView.m */ = {isa = PBXFileReference; fileEncoding = 4; lastKnownFileType = sourcecode.c.objc; path = PSImageView.m; sourceTree = "<group>"; };
		2838199A1472ECFA007E4827 /* PSImageViewDelegate.h */ = {isa = PBXFileReference; fileEncoding = 4; lastKnownFileType = sourcecode.c.h; path = PSImageViewDelegate.h; sourceTree = "<group>"; };
		2838199B1472ECFA007E4827 /* PSNullView.h */ = {isa = PBXFileReference; fileEncoding = 4; lastKnownFileType = sourcecode.c.h; path = PSNullView.h; sourceTree = "<group>"; };
		2838199C1472ECFA007E4827 /* PSNullView.m */ = {isa = PBXFileReference; fileEncoding = 4; lastKnownFileType = sourcecode.c.objc; path = PSNullView.m; sourceTree = "<group>"; };
		2838199D1472ECFA007E4827 /* PSObject.h */ = {isa = PBXFileReference; fileEncoding = 4; lastKnownFileType = sourcecode.c.h; path = PSObject.h; sourceTree = "<group>"; };
		2838199E1472ECFA007E4827 /* PSObject.m */ = {isa = PBXFileReference; fileEncoding = 4; lastKnownFileType = sourcecode.c.objc; path = PSObject.m; sourceTree = "<group>"; };
		2838199F1472ECFA007E4827 /* PSOverlayImageView.h */ = {isa = PBXFileReference; fileEncoding = 4; lastKnownFileType = sourcecode.c.h; path = PSOverlayImageView.h; sourceTree = "<group>"; };
		283819A01472ECFA007E4827 /* PSOverlayImageView.m */ = {isa = PBXFileReference; fileEncoding = 4; lastKnownFileType = sourcecode.c.objc; path = PSOverlayImageView.m; sourceTree = "<group>"; };
		283819A11472ECFA007E4827 /* PSRandomSortDescriptor.h */ = {isa = PBXFileReference; fileEncoding = 4; lastKnownFileType = sourcecode.c.h; path = PSRandomSortDescriptor.h; sourceTree = "<group>"; };
		283819A21472ECFA007E4827 /* PSRandomSortDescriptor.m */ = {isa = PBXFileReference; fileEncoding = 4; lastKnownFileType = sourcecode.c.objc; path = PSRandomSortDescriptor.m; sourceTree = "<group>"; };
		283819A31472ECFA007E4827 /* PSRollupView.h */ = {isa = PBXFileReference; fileEncoding = 4; lastKnownFileType = sourcecode.c.h; path = PSRollupView.h; sourceTree = "<group>"; };
		283819A41472ECFA007E4827 /* PSRollupView.m */ = {isa = PBXFileReference; fileEncoding = 4; lastKnownFileType = sourcecode.c.objc; path = PSRollupView.m; sourceTree = "<group>"; };
		283819A51472ECFA007E4827 /* PSSearchField.h */ = {isa = PBXFileReference; fileEncoding = 4; lastKnownFileType = sourcecode.c.h; path = PSSearchField.h; sourceTree = "<group>"; };
		283819A61472ECFA007E4827 /* PSSearchField.m */ = {isa = PBXFileReference; fileEncoding = 4; lastKnownFileType = sourcecode.c.objc; path = PSSearchField.m; sourceTree = "<group>"; };
		283819A71472ECFA007E4827 /* PSStarView.h */ = {isa = PBXFileReference; fileEncoding = 4; lastKnownFileType = sourcecode.c.h; path = PSStarView.h; sourceTree = "<group>"; };
		283819A81472ECFA007E4827 /* PSStarView.m */ = {isa = PBXFileReference; fileEncoding = 4; lastKnownFileType = sourcecode.c.objc; path = PSStarView.m; sourceTree = "<group>"; };
		283819A91472ECFA007E4827 /* PSStateMachine.h */ = {isa = PBXFileReference; fileEncoding = 4; lastKnownFileType = sourcecode.c.h; path = PSStateMachine.h; sourceTree = "<group>"; };
		283819AA1472ECFA007E4827 /* PSTableViewController.h */ = {isa = PBXFileReference; fileEncoding = 4; lastKnownFileType = sourcecode.c.h; path = PSTableViewController.h; sourceTree = "<group>"; };
		283819AB1472ECFA007E4827 /* PSTableViewController.m */ = {isa = PBXFileReference; fileEncoding = 4; lastKnownFileType = sourcecode.c.objc; path = PSTableViewController.m; sourceTree = "<group>"; };
		283819AC1472ECFA007E4827 /* PSTextField.h */ = {isa = PBXFileReference; fileEncoding = 4; lastKnownFileType = sourcecode.c.h; path = PSTextField.h; sourceTree = "<group>"; };
		283819AD1472ECFA007E4827 /* PSTextField.m */ = {isa = PBXFileReference; fileEncoding = 4; lastKnownFileType = sourcecode.c.objc; path = PSTextField.m; sourceTree = "<group>"; };
		283819AE1472ECFA007E4827 /* PSTextView.h */ = {isa = PBXFileReference; fileEncoding = 4; lastKnownFileType = sourcecode.c.h; path = PSTextView.h; sourceTree = "<group>"; };
		283819AF1472ECFA007E4827 /* PSTextView.m */ = {isa = PBXFileReference; fileEncoding = 4; lastKnownFileType = sourcecode.c.objc; path = PSTextView.m; sourceTree = "<group>"; };
		283819B01472ECFA007E4827 /* PSTutorialView.h */ = {isa = PBXFileReference; fileEncoding = 4; lastKnownFileType = sourcecode.c.h; path = PSTutorialView.h; sourceTree = "<group>"; };
		283819B11472ECFA007E4827 /* PSTutorialView.m */ = {isa = PBXFileReference; fileEncoding = 4; lastKnownFileType = sourcecode.c.objc; path = PSTutorialView.m; sourceTree = "<group>"; };
		283819B21472ECFA007E4827 /* PSURLCacheImageView.h */ = {isa = PBXFileReference; fileEncoding = 4; lastKnownFileType = sourcecode.c.h; path = PSURLCacheImageView.h; sourceTree = "<group>"; };
		283819B31472ECFA007E4827 /* PSURLCacheImageView.m */ = {isa = PBXFileReference; fileEncoding = 4; lastKnownFileType = sourcecode.c.objc; path = PSURLCacheImageView.m; sourceTree = "<group>"; };
		283819B41472ECFA007E4827 /* PSView.h */ = {isa = PBXFileReference; fileEncoding = 4; lastKnownFileType = sourcecode.c.h; path = PSView.h; sourceTree = "<group>"; };
		283819B51472ECFA007E4827 /* PSView.m */ = {isa = PBXFileReference; fileEncoding = 4; lastKnownFileType = sourcecode.c.objc; path = PSView.m; sourceTree = "<group>"; };
		283819B61472ECFA007E4827 /* PSViewController.h */ = {isa = PBXFileReference; fileEncoding = 4; lastKnownFileType = sourcecode.c.h; path = PSViewController.h; sourceTree = "<group>"; };
		283819B71472ECFA007E4827 /* PSViewController.m */ = {isa = PBXFileReference; fileEncoding = 4; lastKnownFileType = sourcecode.c.objc; path = PSViewController.m; sourceTree = "<group>"; };
		283819B81472ECFA007E4827 /* PSKit.bundle */ = {isa = PBXFileReference; lastKnownFileType = "wrapper.plug-in"; name = PSKit.bundle; path = ../src/PSKit.bundle; sourceTree = "<group>"; };
		283819BC1472ECFA007E4827 /* PSNavigationBar.h */ = {isa = PBXFileReference; fileEncoding = 4; lastKnownFileType = sourcecode.c.h; path = PSNavigationBar.h; sourceTree = "<group>"; };
		283819BD1472ECFA007E4827 /* PSNavigationBar.m */ = {isa = PBXFileReference; fileEncoding = 4; lastKnownFileType = sourcecode.c.objc; path = PSNavigationBar.m; sourceTree = "<group>"; };
		283819BE1472ECFA007E4827 /* PSNavigationController.xib */ = {isa = PBXFileReference; fileEncoding = 4; lastKnownFileType = file.xib; path = PSNavigationController.xib; sourceTree = "<group>"; };
		283819C11472ECFA007E4827 /* AFHTTPClient.h */ = {isa = PBXFileReference; fileEncoding = 4; lastKnownFileType = sourcecode.c.h; path = AFHTTPClient.h; sourceTree = "<group>"; };
		283819C21472ECFA007E4827 /* AFHTTPClient.m */ = {isa = PBXFileReference; fileEncoding = 4; lastKnownFileType = sourcecode.c.objc; path = AFHTTPClient.m; sourceTree = "<group>"; };
		283819C31472ECFA007E4827 /* AFHTTPRequestOperation.h */ = {isa = PBXFileReference; fileEncoding = 4; lastKnownFileType = sourcecode.c.h; path = AFHTTPRequestOperation.h; sourceTree = "<group>"; };
		283819C41472ECFA007E4827 /* AFHTTPRequestOperation.m */ = {isa = PBXFileReference; fileEncoding = 4; lastKnownFileType = sourcecode.c.objc; path = AFHTTPRequestOperation.m; sourceTree = "<group>"; };
		283819C51472ECFA007E4827 /* AFImageCache.h */ = {isa = PBXFileReference; fileEncoding = 4; lastKnownFileType = sourcecode.c.h; path = AFImageCache.h; sourceTree = "<group>"; };
		283819C61472ECFA007E4827 /* AFImageCache.m */ = {isa = PBXFileReference; fileEncoding = 4; lastKnownFileType = sourcecode.c.objc; path = AFImageCache.m; sourceTree = "<group>"; };
		283819C71472ECFA007E4827 /* AFImageRequestOperation.h */ = {isa = PBXFileReference; fileEncoding = 4; lastKnownFileType = sourcecode.c.h; path = AFImageRequestOperation.h; sourceTree = "<group>"; };
		283819C81472ECFA007E4827 /* AFImageRequestOperation.m */ = {isa = PBXFileReference; fileEncoding = 4; lastKnownFileType = sourcecode.c.objc; path = AFImageRequestOperation.m; sourceTree = "<group>"; };
		283819C91472ECFA007E4827 /* AFJSONRequestOperation.h */ = {isa = PBXFileReference; fileEncoding = 4; lastKnownFileType = sourcecode.c.h; path = AFJSONRequestOperation.h; sourceTree = "<group>"; };
		283819CA1472ECFA007E4827 /* AFJSONRequestOperation.m */ = {isa = PBXFileReference; fileEncoding = 4; lastKnownFileType = sourcecode.c.objc; path = AFJSONRequestOperation.m; sourceTree = "<group>"; };
		283819CB1472ECFA007E4827 /* AFJSONUtilities.h */ = {isa = PBXFileReference; fileEncoding = 4; lastKnownFileType = sourcecode.c.h; path = AFJSONUtilities.h; sourceTree = "<group>"; };
		283819CC1472ECFA007E4827 /* AFNetworkActivityIndicatorManager.h */ = {isa = PBXFileReference; fileEncoding = 4; lastKnownFileType = sourcecode.c.h; path = AFNetworkActivityIndicatorManager.h; sourceTree = "<group>"; };
		283819CD1472ECFA007E4827 /* AFNetworkActivityIndicatorManager.m */ = {isa = PBXFileReference; fileEncoding = 4; lastKnownFileType = sourcecode.c.objc; path = AFNetworkActivityIndicatorManager.m; sourceTree = "<group>"; };
		283819CE1472ECFA007E4827 /* AFNetworking.h */ = {isa = PBXFileReference; fileEncoding = 4; lastKnownFileType = sourcecode.c.h; path = AFNetworking.h; sourceTree = "<group>"; };
		283819CF1472ECFA007E4827 /* AFPropertyListRequestOperation.h */ = {isa = PBXFileReference; fileEncoding = 4; lastKnownFileType = sourcecode.c.h; path = AFPropertyListRequestOperation.h; sourceTree = "<group>"; };
		283819D01472ECFA007E4827 /* AFPropertyListRequestOperation.m */ = {isa = PBXFileReference; fileEncoding = 4; lastKnownFileType = sourcecode.c.objc; path = AFPropertyListRequestOperation.m; sourceTree = "<group>"; };
		283819D11472ECFA007E4827 /* AFURLConnectionOperation.h */ = {isa = PBXFileReference; fileEncoding = 4; lastKnownFileType = sourcecode.c.h; path = AFURLConnectionOperation.h; sourceTree = "<group>"; };
		283819D21472ECFA007E4827 /* AFURLConnectionOperation.m */ = {isa = PBXFileReference; fileEncoding = 4; lastKnownFileType = sourcecode.c.objc; path = AFURLConnectionOperation.m; sourceTree = "<group>"; };
		283819D31472ECFA007E4827 /* AFXMLRequestOperation.h */ = {isa = PBXFileReference; fileEncoding = 4; lastKnownFileType = sourcecode.c.h; path = AFXMLRequestOperation.h; sourceTree = "<group>"; };
		283819D41472ECFA007E4827 /* AFXMLRequestOperation.m */ = {isa = PBXFileReference; fileEncoding = 4; lastKnownFileType = sourcecode.c.objc; path = AFXMLRequestOperation.m; sourceTree = "<group>"; };
		283819D51472ECFA007E4827 /* UIImageView+AFNetworking.h */ = {isa = PBXFileReference; fileEncoding = 4; lastKnownFileType = sourcecode.c.h; path = "UIImageView+AFNetworking.h"; sourceTree = "<group>"; };
		283819D61472ECFA007E4827 /* UIImageView+AFNetworking.m */ = {isa = PBXFileReference; fileEncoding = 4; lastKnownFileType = sourcecode.c.objc; path = "UIImageView+AFNetworking.m"; sourceTree = "<group>"; };
		283819D81472ECFA007E4827 /* AFURLCache.h */ = {isa = PBXFileReference; fileEncoding = 4; lastKnownFileType = sourcecode.c.h; path = AFURLCache.h; sourceTree = "<group>"; };
		283819D91472ECFA007E4827 /* AFURLCache.m */ = {isa = PBXFileReference; fileEncoding = 4; lastKnownFileType = sourcecode.c.objc; path = AFURLCache.m; sourceTree = "<group>"; };
		283819DB1472ECFA007E4827 /* EGODatabase.h */ = {isa = PBXFileReference; fileEncoding = 4; lastKnownFileType = sourcecode.c.h; path = EGODatabase.h; sourceTree = "<group>"; };
		283819DC1472ECFA007E4827 /* EGODatabase.m */ = {isa = PBXFileReference; fileEncoding = 4; lastKnownFileType = sourcecode.c.objc; path = EGODatabase.m; sourceTree = "<group>"; };
		283819DD1472ECFA007E4827 /* EGODatabaseRequest.h */ = {isa = PBXFileReference; fileEncoding = 4; lastKnownFileType = sourcecode.c.h; path = EGODatabaseRequest.h; sourceTree = "<group>"; };
		283819DE1472ECFA007E4827 /* EGODatabaseRequest.m */ = {isa = PBXFileReference; fileEncoding = 4; lastKnownFileType = sourcecode.c.objc; path = EGODatabaseRequest.m; sourceTree = "<group>"; };
		283819DF1472ECFA007E4827 /* EGODatabaseResult.h */ = {isa = PBXFileReference; fileEncoding = 4; lastKnownFileType = sourcecode.c.h; path = EGODatabaseResult.h; sourceTree = "<group>"; };
		283819E01472ECFA007E4827 /* EGODatabaseResult.m */ = {isa = PBXFileReference; fileEncoding = 4; lastKnownFileType = sourcecode.c.objc; path = EGODatabaseResult.m; sourceTree = "<group>"; };
		283819E11472ECFA007E4827 /* EGODatabaseRow.h */ = {isa = PBXFileReference; fileEncoding = 4; lastKnownFileType = sourcecode.c.h; path = EGODatabaseRow.h; sourceTree = "<group>"; };
		283819E21472ECFA007E4827 /* EGODatabaseRow.m */ = {isa = PBXFileReference; fileEncoding = 4; lastKnownFileType = sourcecode.c.objc; path = EGODatabaseRow.m; sourceTree = "<group>"; };
		283819E41472ECFA007E4827 /* Facebook.h */ = {isa = PBXFileReference; fileEncoding = 4; lastKnownFileType = sourcecode.c.h; path = Facebook.h; sourceTree = "<group>"; };
		283819E51472ECFA007E4827 /* Facebook.m */ = {isa = PBXFileReference; fileEncoding = 4; lastKnownFileType = sourcecode.c.objc; path = Facebook.m; sourceTree = "<group>"; };
		283819E61472ECFA007E4827 /* FBConnect.h */ = {isa = PBXFileReference; fileEncoding = 4; lastKnownFileType = sourcecode.c.h; path = FBConnect.h; sourceTree = "<group>"; };
		283819E71472ECFA007E4827 /* FBDialog.bundle */ = {isa = PBXFileReference; lastKnownFileType = "wrapper.plug-in"; path = FBDialog.bundle; sourceTree = "<group>"; };
		283819E81472ECFA007E4827 /* FBDialog.h */ = {isa = PBXFileReference; fileEncoding = 4; lastKnownFileType = sourcecode.c.h; path = FBDialog.h; sourceTree = "<group>"; };
		283819E91472ECFA007E4827 /* FBDialog.m */ = {isa = PBXFileReference; fileEncoding = 4; lastKnownFileType = sourcecode.c.objc; path = FBDialog.m; sourceTree = "<group>"; };
		283819EA1472ECFA007E4827 /* FBLoginDialog.h */ = {isa = PBXFileReference; fileEncoding = 4; lastKnownFileType = sourcecode.c.h; path = FBLoginDialog.h; sourceTree = "<group>"; };
		283819EB1472ECFA007E4827 /* FBLoginDialog.m */ = {isa = PBXFileReference; fileEncoding = 4; lastKnownFileType = sourcecode.c.objc; path = FBLoginDialog.m; sourceTree = "<group>"; };
		283819EC1472ECFA007E4827 /* FBRequest.h */ = {isa = PBXFileReference; fileEncoding = 4; lastKnownFileType = sourcecode.c.h; path = FBRequest.h; sourceTree = "<group>"; };
		283819ED1472ECFA007E4827 /* FBRequest.m */ = {isa = PBXFileReference; fileEncoding = 4; lastKnownFileType = sourcecode.c.objc; path = FBRequest.m; sourceTree = "<group>"; };
		283819F01472ECFA007E4827 /* TTTArrayFormatter.h */ = {isa = PBXFileReference; fileEncoding = 4; lastKnownFileType = sourcecode.c.h; path = TTTArrayFormatter.h; sourceTree = "<group>"; };
		283819F11472ECFA007E4827 /* TTTArrayFormatter.m */ = {isa = PBXFileReference; fileEncoding = 4; lastKnownFileType = sourcecode.c.objc; path = TTTArrayFormatter.m; sourceTree = "<group>"; };
		283819F31472ECFA007E4827 /* TTTHoursOfOperation.h */ = {isa = PBXFileReference; fileEncoding = 4; lastKnownFileType = sourcecode.c.h; path = TTTHoursOfOperation.h; sourceTree = "<group>"; };
		283819F41472ECFA007E4827 /* TTTHoursOfOperation.m */ = {isa = PBXFileReference; fileEncoding = 4; lastKnownFileType = sourcecode.c.objc; path = TTTHoursOfOperation.m; sourceTree = "<group>"; };
		283819F61472ECFA007E4827 /* TTTLocationFormatter.h */ = {isa = PBXFileReference; fileEncoding = 4; lastKnownFileType = sourcecode.c.h; path = TTTLocationFormatter.h; sourceTree = "<group>"; };
		283819F71472ECFA007E4827 /* TTTLocationFormatter.m */ = {isa = PBXFileReference; fileEncoding = 4; lastKnownFileType = sourcecode.c.objc; path = TTTLocationFormatter.m; sourceTree = "<group>"; };
		283819F91472ECFA007E4827 /* TTTOrdinalNumberFormatter.h */ = {isa = PBXFileReference; fileEncoding = 4; lastKnownFileType = sourcecode.c.h; path = TTTOrdinalNumberFormatter.h; sourceTree = "<group>"; };
		283819FA1472ECFA007E4827 /* TTTOrdinalNumberFormatter.m */ = {isa = PBXFileReference; fileEncoding = 4; lastKnownFileType = sourcecode.c.objc; path = TTTOrdinalNumberFormatter.m; sourceTree = "<group>"; };
		283819FC1472ECFA007E4827 /* TTTTimeIntervalFormatter.h */ = {isa = PBXFileReference; fileEncoding = 4; lastKnownFileType = sourcecode.c.h; path = TTTTimeIntervalFormatter.h; sourceTree = "<group>"; };
		283819FD1472ECFA007E4827 /* TTTTimeIntervalFormatter.m */ = {isa = PBXFileReference; fileEncoding = 4; lastKnownFileType = sourcecode.c.objc; path = TTTTimeIntervalFormatter.m; sourceTree = "<group>"; };
		283819FF1472ECFA007E4827 /* TTTURLRequestFormatter.h */ = {isa = PBXFileReference; fileEncoding = 4; lastKnownFileType = sourcecode.c.h; path = TTTURLRequestFormatter.h; sourceTree = "<group>"; };
		28381A001472ECFA007E4827 /* TTTURLRequestFormatter.m */ = {isa = PBXFileReference; fileEncoding = 4; lastKnownFileType = sourcecode.c.objc; path = TTTURLRequestFormatter.m; sourceTree = "<group>"; };
		28381A021472ECFA007E4827 /* JSONKit.h */ = {isa = PBXFileReference; fileEncoding = 4; lastKnownFileType = sourcecode.c.h; path = JSONKit.h; sourceTree = "<group>"; };
		28381A031472ECFA007E4827 /* JSONKit.m */ = {isa = PBXFileReference; fileEncoding = 4; lastKnownFileType = sourcecode.c.objc; path = JSONKit.m; sourceTree = "<group>"; };
		28381A081472ECFA007E4827 /* Reachability.h */ = {isa = PBXFileReference; fileEncoding = 4; lastKnownFileType = sourcecode.c.h; path = Reachability.h; sourceTree = "<group>"; };
		28381A091472ECFA007E4827 /* Reachability.m */ = {isa = PBXFileReference; fileEncoding = 4; lastKnownFileType = sourcecode.c.objc; path = Reachability.m; sourceTree = "<group>"; };
		28381A0B1472ECFA007E4827 /* SVProgressHUD.bundle */ = {isa = PBXFileReference; lastKnownFileType = "wrapper.plug-in"; path = SVProgressHUD.bundle; sourceTree = "<group>"; };
		28381A0C1472ECFA007E4827 /* SVProgressHUD.h */ = {isa = PBXFileReference; fileEncoding = 4; lastKnownFileType = sourcecode.c.h; path = SVProgressHUD.h; sourceTree = "<group>"; };
		28381A0D1472ECFA007E4827 /* SVProgressHUD.m */ = {isa = PBXFileReference; fileEncoding = 4; lastKnownFileType = sourcecode.c.objc; path = SVProgressHUD.m; sourceTree = "<group>"; };
		28381A0F1472ECFA007E4827 /* TTTAttributedLabel.h */ = {isa = PBXFileReference; fileEncoding = 4; lastKnownFileType = sourcecode.c.h; path = TTTAttributedLabel.h; sourceTree = "<group>"; };
		28381A101472ECFA007E4827 /* TTTAttributedLabel.m */ = {isa = PBXFileReference; fileEncoding = 4; lastKnownFileType = sourcecode.c.objc; path = TTTAttributedLabel.m; sourceTree = "<group>"; };
		28381A4B1472ED01007E4827 /* PSDatabaseCenter.h */ = {isa = PBXFileReference; fileEncoding = 4; lastKnownFileType = sourcecode.c.h; path = PSDatabaseCenter.h; sourceTree = "<group>"; };
		28381A4C1472ED01007E4827 /* PSDatabaseCenter.m */ = {isa = PBXFileReference; fileEncoding = 4; lastKnownFileType = sourcecode.c.objc; path = PSDatabaseCenter.m; sourceTree = "<group>"; };
		28381A4E1472ED01007E4827 /* PSDataCenter.h */ = {isa = PBXFileReference; fileEncoding = 4; lastKnownFileType = sourcecode.c.h; path = PSDataCenter.h; sourceTree = "<group>"; };
		28381A4F1472ED01007E4827 /* PSDataCenter.m */ = {isa = PBXFileReference; fileEncoding = 4; lastKnownFileType = sourcecode.c.objc; path = PSDataCenter.m; sourceTree = "<group>"; };
		28381A501472ED01007E4827 /* PSDataCenterDelegate.h */ = {isa = PBXFileReference; fileEncoding = 4; lastKnownFileType = sourcecode.c.h; path = PSDataCenterDelegate.h; sourceTree = "<group>"; };
		28381A521472ED01007E4827 /* PSFacebookCenter.h */ = {isa = PBXFileReference; fileEncoding = 4; lastKnownFileType = sourcecode.c.h; path = PSFacebookCenter.h; sourceTree = "<group>"; };
		28381A531472ED01007E4827 /* PSFacebookCenter.m */ = {isa = PBXFileReference; fileEncoding = 4; lastKnownFileType = sourcecode.c.objc; path = PSFacebookCenter.m; sourceTree = "<group>"; };
		28381A551472ED01007E4827 /* PSImageCache.h */ = {isa = PBXFileReference; fileEncoding = 4; lastKnownFileType = sourcecode.c.h; path = PSImageCache.h; sourceTree = "<group>"; };
		28381A561472ED01007E4827 /* PSImageCache.m */ = {isa = PBXFileReference; fileEncoding = 4; lastKnownFileType = sourcecode.c.objc; path = PSImageCache.m; sourceTree = "<group>"; };
		28381A571472ED01007E4827 /* PSImageCacheDelegate.h */ = {isa = PBXFileReference; fileEncoding = 4; lastKnownFileType = sourcecode.c.h; path = PSImageCacheDelegate.h; sourceTree = "<group>"; };
		28381A591472ED01007E4827 /* PSLocationCenter.h */ = {isa = PBXFileReference; fileEncoding = 4; lastKnownFileType = sourcecode.c.h; path = PSLocationCenter.h; sourceTree = "<group>"; };
		28381A5A1472ED01007E4827 /* PSLocationCenter.m */ = {isa = PBXFileReference; fileEncoding = 4; lastKnownFileType = sourcecode.c.objc; path = PSLocationCenter.m; sourceTree = "<group>"; };
		28381A5C1472ED01007E4827 /* PSMailCenter.h */ = {isa = PBXFileReference; fileEncoding = 4; lastKnownFileType = sourcecode.c.h; path = PSMailCenter.h; sourceTree = "<group>"; };
		28381A5D1472ED01007E4827 /* PSMailCenter.m */ = {isa = PBXFileReference; fileEncoding = 4; lastKnownFileType = sourcecode.c.objc; path = PSMailCenter.m; sourceTree = "<group>"; };
		28381A5F1472ED01007E4827 /* PSReachabilityCenter.h */ = {isa = PBXFileReference; fileEncoding = 4; lastKnownFileType = sourcecode.c.h; path = PSReachabilityCenter.h; sourceTree = "<group>"; };
		28381A601472ED01007E4827 /* PSReachabilityCenter.m */ = {isa = PBXFileReference; fileEncoding = 4; lastKnownFileType = sourcecode.c.objc; path = PSReachabilityCenter.m; sourceTree = "<group>"; };
		28381A621472ED01007E4827 /* PSSearchCenter.h */ = {isa = PBXFileReference; fileEncoding = 4; lastKnownFileType = sourcecode.c.h; path = PSSearchCenter.h; sourceTree = "<group>"; };
		28381A631472ED01007E4827 /* PSSearchCenter.m */ = {isa = PBXFileReference; fileEncoding = 4; lastKnownFileType = sourcecode.c.objc; path = PSSearchCenter.m; sourceTree = "<group>"; };
		28381A691472ED01007E4827 /* bg_toast.png */ = {isa = PBXFileReference; lastKnownFileType = image.png; path = bg_toast.png; sourceTree = "<group>"; };
		28381A6A1472ED01007E4827 /* bg_toast@2x.png */ = {isa = PBXFileReference; lastKnownFileType = image.png; path = "bg_toast@2x.png"; sourceTree = "<group>"; };
		28381A6B1472ED01007E4827 /* PSToastCenter.h */ = {isa = PBXFileReference; fileEncoding = 4; lastKnownFileType = sourcecode.c.h; path = PSToastCenter.h; sourceTree = "<group>"; };
		28381A6C1472ED01007E4827 /* PSToastCenter.m */ = {isa = PBXFileReference; fileEncoding = 4; lastKnownFileType = sourcecode.c.objc; path = PSToastCenter.m; sourceTree = "<group>"; };
		28381A6E1472ED01007E4827 /* PSURLCache.h */ = {isa = PBXFileReference; fileEncoding = 4; lastKnownFileType = sourcecode.c.h; path = PSURLCache.h; sourceTree = "<group>"; };
		28381A6F1472ED01007E4827 /* PSURLCache.m */ = {isa = PBXFileReference; fileEncoding = 4; lastKnownFileType = sourcecode.c.objc; path = PSURLCache.m; sourceTree = "<group>"; };
		28381A7E1472ED1C007E4827 /* QuartzCore.framework */ = {isa = PBXFileReference; lastKnownFileType = wrapper.framework; name = QuartzCore.framework; path = System/Library/Frameworks/QuartzCore.framework; sourceTree = SDKROOT; };
		28381A811472EF41007E4827 /* EGORefreshTableHeaderView.h */ = {isa = PBXFileReference; fileEncoding = 4; lastKnownFileType = sourcecode.c.h; path = EGORefreshTableHeaderView.h; sourceTree = "<group>"; };
		28381A821472EF41007E4827 /* EGORefreshTableHeaderView.m */ = {isa = PBXFileReference; fileEncoding = 4; lastKnownFileType = sourcecode.c.objc; path = EGORefreshTableHeaderView.m; sourceTree = "<group>"; };
		28381A831472EF41007E4827 /* PullToRefresh.bundle */ = {isa = PBXFileReference; lastKnownFileType = "wrapper.plug-in"; path = PullToRefresh.bundle; sourceTree = "<group>"; };
		28381A911472F88A007E4827 /* libsqlite3.dylib */ = {isa = PBXFileReference; lastKnownFileType = "compiled.mach-o.dylib"; name = libsqlite3.dylib; path = usr/lib/libsqlite3.dylib; sourceTree = SDKROOT; };
		28381A931472F899007E4827 /* SystemConfiguration.framework */ = {isa = PBXFileReference; lastKnownFileType = wrapper.framework; name = SystemConfiguration.framework; path = System/Library/Frameworks/SystemConfiguration.framework; sourceTree = SDKROOT; };
		28381A951472F8B7007E4827 /* MobileCoreServices.framework */ = {isa = PBXFileReference; lastKnownFileType = wrapper.framework; name = MobileCoreServices.framework; path = System/Library/Frameworks/MobileCoreServices.framework; sourceTree = SDKROOT; };
		28381A971472F8C8007E4827 /* CoreText.framework */ = {isa = PBXFileReference; lastKnownFileType = wrapper.framework; name = CoreText.framework; path = System/Library/Frameworks/CoreText.framework; sourceTree = SDKROOT; };
		28381A991472F8EF007E4827 /* CoreLocation.framework */ = {isa = PBXFileReference; lastKnownFileType = wrapper.framework; name = CoreLocation.framework; path = System/Library/Frameworks/CoreLocation.framework; sourceTree = SDKROOT; };
		28381A9B1472F914007E4827 /* MessageUI.framework */ = {isa = PBXFileReference; lastKnownFileType = wrapper.framework; name = MessageUI.framework; path = System/Library/Frameworks/MessageUI.framework; sourceTree = SDKROOT; };
		2869870814730F7200B40860 /* Constants.h */ = {isa = PBXFileReference; fileEncoding = 4; lastKnownFileType = sourcecode.c.h; path = Constants.h; sourceTree = "<group>"; };
		286987091473101100B40860 /* PSNavigationBar.bundle */ = {isa = PBXFileReference; lastKnownFileType = "wrapper.plug-in"; path = PSNavigationBar.bundle; sourceTree = "<group>"; };
		2869870C1473108400B40860 /* PSStyleSheet.h */ = {isa = PBXFileReference; fileEncoding = 4; lastKnownFileType = sourcecode.c.h; path = PSStyleSheet.h; sourceTree = "<group>"; };
		2869870D1473108400B40860 /* PSStyleSheet.m */ = {isa = PBXFileReference; fileEncoding = 4; lastKnownFileType = sourcecode.c.objc; path = PSStyleSheet.m; sourceTree = "<group>"; };
		2869870E1473108400B40860 /* PSStyleSheet-Default.plist */ = {isa = PBXFileReference; fileEncoding = 4; lastKnownFileType = text.plist.xml; path = "PSStyleSheet-Default.plist"; sourceTree = "<group>"; };
		2869871C1473139E00B40860 /* BackgroundBlueprint.jpg */ = {isa = PBXFileReference; lastKnownFileType = image.jpeg; path = BackgroundBlueprint.jpg; sourceTree = "<group>"; };
		2869871D1473139E00B40860 /* BackgroundBlueprint@2x.jpg */ = {isa = PBXFileReference; lastKnownFileType = image.jpeg; path = "BackgroundBlueprint@2x.jpg"; sourceTree = "<group>"; };
		2869871E1473139E00B40860 /* BackgroundBlueprint~ipad.jpg */ = {isa = PBXFileReference; lastKnownFileType = image.jpeg; path = "BackgroundBlueprint~ipad.jpg"; sourceTree = "<group>"; };
		2869871F1473139E00B40860 /* BackgroundLeather.jpg */ = {isa = PBXFileReference; lastKnownFileType = image.jpeg; path = BackgroundLeather.jpg; sourceTree = "<group>"; };
		286987201473139E00B40860 /* BackgroundLeather@2x.jpg */ = {isa = PBXFileReference; lastKnownFileType = image.jpeg; path = "BackgroundLeather@2x.jpg"; sourceTree = "<group>"; };
		286987211473139E00B40860 /* BackgroundLeather~ipad.jpg */ = {isa = PBXFileReference; lastKnownFileType = image.jpeg; path = "BackgroundLeather~ipad.jpg"; sourceTree = "<group>"; };
		286987221473139E00B40860 /* Default.jpg */ = {isa = PBXFileReference; lastKnownFileType = image.jpeg; path = Default.jpg; sourceTree = "<group>"; };
		286987231473139E00B40860 /* Default@2x.jpg */ = {isa = PBXFileReference; lastKnownFileType = image.jpeg; path = "Default@2x.jpg"; sourceTree = "<group>"; };
		286987241473139E00B40860 /* Default~ipad.jpg */ = {isa = PBXFileReference; lastKnownFileType = image.jpeg; path = "Default~ipad.jpg"; sourceTree = "<group>"; };
		2869872F147385AC00B40860 /* PSCategories.h */ = {isa = PBXFileReference; fileEncoding = 4; lastKnownFileType = sourcecode.c.h; path = PSCategories.h; sourceTree = "<group>"; };
		28698730147387C200B40860 /* PSStyleSheet.plist */ = {isa = PBXFileReference; fileEncoding = 4; lastKnownFileType = text.plist.xml; path = PSStyleSheet.plist; sourceTree = "<group>"; };
/* End PBXFileReference section */

/* Begin PBXFrameworksBuildPhase section */
		283818BB14723F1D007E4827 /* Frameworks */ = {
			isa = PBXFrameworksBuildPhase;
			buildActionMask = 2147483647;
			files = (
				28381A9C1472F914007E4827 /* MessageUI.framework in Frameworks */,
				28381A9A1472F8EF007E4827 /* CoreLocation.framework in Frameworks */,
				28381A981472F8C8007E4827 /* CoreText.framework in Frameworks */,
				28381A961472F8B7007E4827 /* MobileCoreServices.framework in Frameworks */,
				28381A941472F899007E4827 /* SystemConfiguration.framework in Frameworks */,
				28381A921472F88B007E4827 /* libsqlite3.dylib in Frameworks */,
				28381A7F1472ED1C007E4827 /* QuartzCore.framework in Frameworks */,
				283818C314723F1D007E4827 /* UIKit.framework in Frameworks */,
				283818C514723F1D007E4827 /* Foundation.framework in Frameworks */,
				283818C714723F1D007E4827 /* CoreGraphics.framework in Frameworks */,
			);
			runOnlyForDeploymentPostprocessing = 0;
		};
/* End PBXFrameworksBuildPhase section */

/* Begin PBXGroup section */
		283818B314723F1C007E4827 = {
			isa = PBXGroup;
			children = (
				283819591472EC62007E4827 /* PSKit */,
				283818C814723F1D007E4827 /* PSKitDemo */,
				28698713147312EC00B40860 /* Resources */,
				283818C114723F1D007E4827 /* Frameworks */,
				283818BF14723F1D007E4827 /* Products */,
			);
			sourceTree = "<group>";
		};
		283818BF14723F1D007E4827 /* Products */ = {
			isa = PBXGroup;
			children = (
				283818BE14723F1D007E4827 /* PSKitDemo.app */,
			);
			name = Products;
			sourceTree = "<group>";
		};
		283818C114723F1D007E4827 /* Frameworks */ = {
			isa = PBXGroup;
			children = (
				28381A911472F88A007E4827 /* libsqlite3.dylib */,
				28381A9B1472F914007E4827 /* MessageUI.framework */,
				28381A7E1472ED1C007E4827 /* QuartzCore.framework */,
				283818C214723F1D007E4827 /* UIKit.framework */,
				28381A931472F899007E4827 /* SystemConfiguration.framework */,
				283818C414723F1D007E4827 /* Foundation.framework */,
				28381A951472F8B7007E4827 /* MobileCoreServices.framework */,
				28381A991472F8EF007E4827 /* CoreLocation.framework */,
				28381A971472F8C8007E4827 /* CoreText.framework */,
				283818C614723F1D007E4827 /* CoreGraphics.framework */,
			);
			name = Frameworks;
			sourceTree = "<group>";
		};
		283818C814723F1D007E4827 /* PSKitDemo */ = {
			isa = PBXGroup;
			children = (
				283818D114723F1D007E4827 /* AppDelegate.h */,
				283818D214723F1D007E4827 /* AppDelegate.m */,
				283818C914723F1D007E4827 /* Supporting Files */,
			);
			path = PSKitDemo;
			sourceTree = "<group>";
		};
		283818C914723F1D007E4827 /* Supporting Files */ = {
			isa = PBXGroup;
			children = (
				283818CA14723F1D007E4827 /* PSKitDemo-Info.plist */,
				283818CB14723F1D007E4827 /* InfoPlist.strings */,
				283818CE14723F1D007E4827 /* main.m */,
				283818D014723F1D007E4827 /* PSKitDemo-Prefix.pch */,
				2869870814730F7200B40860 /* Constants.h */,
				28698730147387C200B40860 /* PSStyleSheet.plist */,
			);
			name = "Supporting Files";
			sourceTree = "<group>";
		};
		283819591472EC62007E4827 /* PSKit */ = {
			isa = PBXGroup;
			children = (
				2869870B1473108400B40860 /* PSStyleSheet */,
				28381A491472ED01007E4827 /* Centers */,
				2838198D1472ECFA007E4827 /* Config */,
				2838198F1472ECFA007E4827 /* PSKit */,
				283819B81472ECFA007E4827 /* PSKit.bundle */,
				283819B91472ECFA007E4827 /* PSNavigationBar */,
				283819BF1472ECFA007E4827 /* Vendor */,
				2838195F1472ECB9007E4827 /* Categories */,
			);
			name = PSKit;
			sourceTree = "<group>";
		};
		2838195F1472ECB9007E4827 /* Categories */ = {
			isa = PBXGroup;
			children = (
				283819601472ECB9007E4827 /* NSArray+PSKit.h */,
				283819611472ECB9007E4827 /* NSArray+PSKit.m */,
				283819621472ECB9007E4827 /* NSData+PSKit.h */,
				283819631472ECB9007E4827 /* NSData+PSKit.m */,
				283819641472ECB9007E4827 /* NSDate+Helper.h */,
				283819651472ECB9007E4827 /* NSDate+Helper.m */,
				283819661472ECB9007E4827 /* NSDate+PSKit.h */,
				283819671472ECB9007E4827 /* NSDate+PSKit.m */,
				283819681472ECB9007E4827 /* NSObject+PSKit.h */,
				283819691472ECB9007E4827 /* NSObject+PSKit.m */,
				2838196A1472ECB9007E4827 /* NSString+PSKit.h */,
				2838196B1472ECB9007E4827 /* NSString+PSKit.m */,
				2838196C1472ECB9007E4827 /* NSURL+PSKit.h */,
				2838196D1472ECB9007E4827 /* NSURL+PSKit.m */,
				2838196E1472ECB9007E4827 /* UIBarButtonItem+PSKit.h */,
				2838196F1472ECB9007E4827 /* UIBarButtonItem+PSKit.m */,
				283819701472ECB9007E4827 /* UIButton+PSKit.h */,
				283819711472ECB9007E4827 /* UIButton+PSKit.m */,
				283819721472ECB9007E4827 /* UIColor+PSKit.h */,
				283819731472ECB9007E4827 /* UIColor+PSKit.m */,
				283819741472ECB9007E4827 /* UIDevice+Hardware.h */,
				283819751472ECB9007E4827 /* UIDevice+Hardware.m */,
				283819761472ECB9007E4827 /* UIImage+PSKit.h */,
				283819771472ECB9007E4827 /* UIImage+PSKit.m */,
				283819781472ECB9007E4827 /* UILabel+PSKit.h */,
				283819791472ECB9007E4827 /* UILabel+PSKit.m */,
				2838197A1472ECB9007E4827 /* UIScreen+PSKit.h */,
				2838197B1472ECB9007E4827 /* UIScreen+PSKit.m */,
				2838197C1472ECB9007E4827 /* UIView+PSKit.h */,
				2838197D1472ECB9007E4827 /* UIView+PSKit.m */,
			);
			name = Categories;
			path = ../src/Categories;
			sourceTree = "<group>";
		};
		2838198D1472ECFA007E4827 /* Config */ = {
			isa = PBXGroup;
			children = (
				2838198E1472ECFA007E4827 /* PSConstants.h */,
				2869872F147385AC00B40860 /* PSCategories.h */,
			);
			name = Config;
			path = ../src/Config;
			sourceTree = "<group>";
		};
		2838198F1472ECFA007E4827 /* PSKit */ = {
			isa = PBXGroup;
			children = (
				283819901472ECFA007E4827 /* PSBaseViewController.h */,
				283819911472ECFA007E4827 /* PSBaseViewController.m */,
				283819921472ECFA007E4827 /* PSCell.h */,
				283819931472ECFA007E4827 /* PSCell.m */,
				283819941472ECFA007E4827 /* PSImageArrayView.h */,
				283819951472ECFA007E4827 /* PSImageArrayView.m */,
				283819961472ECFA007E4827 /* PSImageCell.h */,
				283819971472ECFA007E4827 /* PSImageCell.m */,
				283819981472ECFA007E4827 /* PSImageView.h */,
				283819991472ECFA007E4827 /* PSImageView.m */,
				2838199A1472ECFA007E4827 /* PSImageViewDelegate.h */,
				2838199B1472ECFA007E4827 /* PSNullView.h */,
				2838199C1472ECFA007E4827 /* PSNullView.m */,
				2838199D1472ECFA007E4827 /* PSObject.h */,
				2838199E1472ECFA007E4827 /* PSObject.m */,
				2838199F1472ECFA007E4827 /* PSOverlayImageView.h */,
				283819A01472ECFA007E4827 /* PSOverlayImageView.m */,
				283819A11472ECFA007E4827 /* PSRandomSortDescriptor.h */,
				283819A21472ECFA007E4827 /* PSRandomSortDescriptor.m */,
				283819A31472ECFA007E4827 /* PSRollupView.h */,
				283819A41472ECFA007E4827 /* PSRollupView.m */,
				283819A51472ECFA007E4827 /* PSSearchField.h */,
				283819A61472ECFA007E4827 /* PSSearchField.m */,
				283819A71472ECFA007E4827 /* PSStarView.h */,
				283819A81472ECFA007E4827 /* PSStarView.m */,
				283819A91472ECFA007E4827 /* PSStateMachine.h */,
				283819AA1472ECFA007E4827 /* PSTableViewController.h */,
				283819AB1472ECFA007E4827 /* PSTableViewController.m */,
				283819AC1472ECFA007E4827 /* PSTextField.h */,
				283819AD1472ECFA007E4827 /* PSTextField.m */,
				283819AE1472ECFA007E4827 /* PSTextView.h */,
				283819AF1472ECFA007E4827 /* PSTextView.m */,
				283819B01472ECFA007E4827 /* PSTutorialView.h */,
				283819B11472ECFA007E4827 /* PSTutorialView.m */,
				283819B21472ECFA007E4827 /* PSURLCacheImageView.h */,
				283819B31472ECFA007E4827 /* PSURLCacheImageView.m */,
				283819B41472ECFA007E4827 /* PSView.h */,
				283819B51472ECFA007E4827 /* PSView.m */,
				283819B61472ECFA007E4827 /* PSViewController.h */,
				283819B71472ECFA007E4827 /* PSViewController.m */,
			);
			name = PSKit;
			path = ../src/PSKit;
			sourceTree = "<group>";
		};
		283819B91472ECFA007E4827 /* PSNavigationBar */ = {
			isa = PBXGroup;
			children = (
				286987091473101100B40860 /* PSNavigationBar.bundle */,
				283819BC1472ECFA007E4827 /* PSNavigationBar.h */,
				283819BD1472ECFA007E4827 /* PSNavigationBar.m */,
				283819BE1472ECFA007E4827 /* PSNavigationController.xib */,
			);
			name = PSNavigationBar;
			path = ../src/PSNavigationBar;
			sourceTree = "<group>";
		};
		283819BF1472ECFA007E4827 /* Vendor */ = {
			isa = PBXGroup;
			children = (
				28381A801472EF41007E4827 /* PullToRefresh */,
				283819C01472ECFA007E4827 /* AFNetworking */,
				283819D71472ECFA007E4827 /* AFURLCache */,
				283819DA1472ECFA007E4827 /* egodatabase */,
				283819E31472ECFA007E4827 /* Facebook */,
				283819EE1472ECFA007E4827 /* FormatterKit */,
				28381A011472ECFA007E4827 /* JSONKit */,
				28381A071472ECFA007E4827 /* Reachability */,
				28381A0A1472ECFA007E4827 /* SVProgressHUD */,
				28381A0E1472ECFA007E4827 /* TTTAttributedLabel */,
			);
			name = Vendor;
			path = ../src/Vendor;
			sourceTree = "<group>";
		};
		283819C01472ECFA007E4827 /* AFNetworking */ = {
			isa = PBXGroup;
			children = (
				283819C11472ECFA007E4827 /* AFHTTPClient.h */,
				283819C21472ECFA007E4827 /* AFHTTPClient.m */,
				283819C31472ECFA007E4827 /* AFHTTPRequestOperation.h */,
				283819C41472ECFA007E4827 /* AFHTTPRequestOperation.m */,
				283819C51472ECFA007E4827 /* AFImageCache.h */,
				283819C61472ECFA007E4827 /* AFImageCache.m */,
				283819C71472ECFA007E4827 /* AFImageRequestOperation.h */,
				283819C81472ECFA007E4827 /* AFImageRequestOperation.m */,
				283819C91472ECFA007E4827 /* AFJSONRequestOperation.h */,
				283819CA1472ECFA007E4827 /* AFJSONRequestOperation.m */,
				283819CB1472ECFA007E4827 /* AFJSONUtilities.h */,
				283819CC1472ECFA007E4827 /* AFNetworkActivityIndicatorManager.h */,
				283819CD1472ECFA007E4827 /* AFNetworkActivityIndicatorManager.m */,
				283819CE1472ECFA007E4827 /* AFNetworking.h */,
				283819CF1472ECFA007E4827 /* AFPropertyListRequestOperation.h */,
				283819D01472ECFA007E4827 /* AFPropertyListRequestOperation.m */,
				283819D11472ECFA007E4827 /* AFURLConnectionOperation.h */,
				283819D21472ECFA007E4827 /* AFURLConnectionOperation.m */,
				283819D31472ECFA007E4827 /* AFXMLRequestOperation.h */,
				283819D41472ECFA007E4827 /* AFXMLRequestOperation.m */,
				283819D51472ECFA007E4827 /* UIImageView+AFNetworking.h */,
				283819D61472ECFA007E4827 /* UIImageView+AFNetworking.m */,
			);
			path = AFNetworking;
			sourceTree = "<group>";
		};
		283819D71472ECFA007E4827 /* AFURLCache */ = {
			isa = PBXGroup;
			children = (
				283819D81472ECFA007E4827 /* AFURLCache.h */,
				283819D91472ECFA007E4827 /* AFURLCache.m */,
			);
			path = AFURLCache;
			sourceTree = "<group>";
		};
		283819DA1472ECFA007E4827 /* egodatabase */ = {
			isa = PBXGroup;
			children = (
				283819DB1472ECFA007E4827 /* EGODatabase.h */,
				283819DC1472ECFA007E4827 /* EGODatabase.m */,
				283819DD1472ECFA007E4827 /* EGODatabaseRequest.h */,
				283819DE1472ECFA007E4827 /* EGODatabaseRequest.m */,
				283819DF1472ECFA007E4827 /* EGODatabaseResult.h */,
				283819E01472ECFA007E4827 /* EGODatabaseResult.m */,
				283819E11472ECFA007E4827 /* EGODatabaseRow.h */,
				283819E21472ECFA007E4827 /* EGODatabaseRow.m */,
			);
			path = egodatabase;
			sourceTree = "<group>";
		};
		283819E31472ECFA007E4827 /* Facebook */ = {
			isa = PBXGroup;
			children = (
				283819E41472ECFA007E4827 /* Facebook.h */,
				283819E51472ECFA007E4827 /* Facebook.m */,
				283819E61472ECFA007E4827 /* FBConnect.h */,
				283819E71472ECFA007E4827 /* FBDialog.bundle */,
				283819E81472ECFA007E4827 /* FBDialog.h */,
				283819E91472ECFA007E4827 /* FBDialog.m */,
				283819EA1472ECFA007E4827 /* FBLoginDialog.h */,
				283819EB1472ECFA007E4827 /* FBLoginDialog.m */,
				283819EC1472ECFA007E4827 /* FBRequest.h */,
				283819ED1472ECFA007E4827 /* FBRequest.m */,
			);
			path = Facebook;
			sourceTree = "<group>";
		};
		283819EE1472ECFA007E4827 /* FormatterKit */ = {
			isa = PBXGroup;
			children = (
				283819EF1472ECFA007E4827 /* TTTArrayFormatter */,
				283819F21472ECFA007E4827 /* TTTHoursOfOperation */,
				283819F51472ECFA007E4827 /* TTTLocationFormatter */,
				283819F81472ECFA007E4827 /* TTTOrdinalNumberFormatter */,
				283819FB1472ECFA007E4827 /* TTTTimeIntervalFormatter */,
				283819FE1472ECFA007E4827 /* TTTURLRequestFormatter */,
			);
			path = FormatterKit;
			sourceTree = "<group>";
		};
		283819EF1472ECFA007E4827 /* TTTArrayFormatter */ = {
			isa = PBXGroup;
			children = (
				283819F01472ECFA007E4827 /* TTTArrayFormatter.h */,
				283819F11472ECFA007E4827 /* TTTArrayFormatter.m */,
			);
			path = TTTArrayFormatter;
			sourceTree = "<group>";
		};
		283819F21472ECFA007E4827 /* TTTHoursOfOperation */ = {
			isa = PBXGroup;
			children = (
				283819F31472ECFA007E4827 /* TTTHoursOfOperation.h */,
				283819F41472ECFA007E4827 /* TTTHoursOfOperation.m */,
			);
			path = TTTHoursOfOperation;
			sourceTree = "<group>";
		};
		283819F51472ECFA007E4827 /* TTTLocationFormatter */ = {
			isa = PBXGroup;
			children = (
				283819F61472ECFA007E4827 /* TTTLocationFormatter.h */,
				283819F71472ECFA007E4827 /* TTTLocationFormatter.m */,
			);
			path = TTTLocationFormatter;
			sourceTree = "<group>";
		};
		283819F81472ECFA007E4827 /* TTTOrdinalNumberFormatter */ = {
			isa = PBXGroup;
			children = (
				283819F91472ECFA007E4827 /* TTTOrdinalNumberFormatter.h */,
				283819FA1472ECFA007E4827 /* TTTOrdinalNumberFormatter.m */,
			);
			path = TTTOrdinalNumberFormatter;
			sourceTree = "<group>";
		};
		283819FB1472ECFA007E4827 /* TTTTimeIntervalFormatter */ = {
			isa = PBXGroup;
			children = (
				283819FC1472ECFA007E4827 /* TTTTimeIntervalFormatter.h */,
				283819FD1472ECFA007E4827 /* TTTTimeIntervalFormatter.m */,
			);
			path = TTTTimeIntervalFormatter;
			sourceTree = "<group>";
		};
		283819FE1472ECFA007E4827 /* TTTURLRequestFormatter */ = {
			isa = PBXGroup;
			children = (
				283819FF1472ECFA007E4827 /* TTTURLRequestFormatter.h */,
				28381A001472ECFA007E4827 /* TTTURLRequestFormatter.m */,
			);
			path = TTTURLRequestFormatter;
			sourceTree = "<group>";
		};
		28381A011472ECFA007E4827 /* JSONKit */ = {
			isa = PBXGroup;
			children = (
				28381A021472ECFA007E4827 /* JSONKit.h */,
				28381A031472ECFA007E4827 /* JSONKit.m */,
			);
			path = JSONKit;
			sourceTree = "<group>";
		};
		28381A071472ECFA007E4827 /* Reachability */ = {
			isa = PBXGroup;
			children = (
				28381A081472ECFA007E4827 /* Reachability.h */,
				28381A091472ECFA007E4827 /* Reachability.m */,
			);
			path = Reachability;
			sourceTree = "<group>";
		};
		28381A0A1472ECFA007E4827 /* SVProgressHUD */ = {
			isa = PBXGroup;
			children = (
				28381A0B1472ECFA007E4827 /* SVProgressHUD.bundle */,
				28381A0C1472ECFA007E4827 /* SVProgressHUD.h */,
				28381A0D1472ECFA007E4827 /* SVProgressHUD.m */,
			);
			path = SVProgressHUD;
			sourceTree = "<group>";
		};
		28381A0E1472ECFA007E4827 /* TTTAttributedLabel */ = {
			isa = PBXGroup;
			children = (
				28381A0F1472ECFA007E4827 /* TTTAttributedLabel.h */,
				28381A101472ECFA007E4827 /* TTTAttributedLabel.m */,
			);
			path = TTTAttributedLabel;
			sourceTree = "<group>";
		};
		28381A491472ED01007E4827 /* Centers */ = {
			isa = PBXGroup;
			children = (
				28381A4A1472ED01007E4827 /* PSDatabaseCenter */,
				28381A4D1472ED01007E4827 /* PSDataCenter */,
				28381A511472ED01007E4827 /* PSFacebookCenter */,
				28381A541472ED01007E4827 /* PSImageCache */,
				28381A581472ED01007E4827 /* PSLocationCenter */,
				28381A5B1472ED01007E4827 /* PSMailCenter */,
				28381A5E1472ED01007E4827 /* PSReachabilityCenter */,
				28381A611472ED01007E4827 /* PSSearchCenter */,
				28381A681472ED01007E4827 /* PSToastCenter */,
				28381A6D1472ED01007E4827 /* PSURLCache */,
			);
			name = Centers;
			path = ../src/Centers;
			sourceTree = "<group>";
		};
		28381A4A1472ED01007E4827 /* PSDatabaseCenter */ = {
			isa = PBXGroup;
			children = (
				28381A4B1472ED01007E4827 /* PSDatabaseCenter.h */,
				28381A4C1472ED01007E4827 /* PSDatabaseCenter.m */,
			);
			path = PSDatabaseCenter;
			sourceTree = "<group>";
		};
		28381A4D1472ED01007E4827 /* PSDataCenter */ = {
			isa = PBXGroup;
			children = (
				28381A4E1472ED01007E4827 /* PSDataCenter.h */,
				28381A4F1472ED01007E4827 /* PSDataCenter.m */,
				28381A501472ED01007E4827 /* PSDataCenterDelegate.h */,
			);
			path = PSDataCenter;
			sourceTree = "<group>";
		};
		28381A511472ED01007E4827 /* PSFacebookCenter */ = {
			isa = PBXGroup;
			children = (
				28381A521472ED01007E4827 /* PSFacebookCenter.h */,
				28381A531472ED01007E4827 /* PSFacebookCenter.m */,
			);
			path = PSFacebookCenter;
			sourceTree = "<group>";
		};
		28381A541472ED01007E4827 /* PSImageCache */ = {
			isa = PBXGroup;
			children = (
				28381A551472ED01007E4827 /* PSImageCache.h */,
				28381A561472ED01007E4827 /* PSImageCache.m */,
				28381A571472ED01007E4827 /* PSImageCacheDelegate.h */,
			);
			path = PSImageCache;
			sourceTree = "<group>";
		};
		28381A581472ED01007E4827 /* PSLocationCenter */ = {
			isa = PBXGroup;
			children = (
				28381A591472ED01007E4827 /* PSLocationCenter.h */,
				28381A5A1472ED01007E4827 /* PSLocationCenter.m */,
			);
			path = PSLocationCenter;
			sourceTree = "<group>";
		};
		28381A5B1472ED01007E4827 /* PSMailCenter */ = {
			isa = PBXGroup;
			children = (
				28381A5C1472ED01007E4827 /* PSMailCenter.h */,
				28381A5D1472ED01007E4827 /* PSMailCenter.m */,
			);
			path = PSMailCenter;
			sourceTree = "<group>";
		};
		28381A5E1472ED01007E4827 /* PSReachabilityCenter */ = {
			isa = PBXGroup;
			children = (
				28381A5F1472ED01007E4827 /* PSReachabilityCenter.h */,
				28381A601472ED01007E4827 /* PSReachabilityCenter.m */,
			);
			path = PSReachabilityCenter;
			sourceTree = "<group>";
		};
		28381A611472ED01007E4827 /* PSSearchCenter */ = {
			isa = PBXGroup;
			children = (
				28381A621472ED01007E4827 /* PSSearchCenter.h */,
				28381A631472ED01007E4827 /* PSSearchCenter.m */,
			);
			path = PSSearchCenter;
			sourceTree = "<group>";
		};
		28381A681472ED01007E4827 /* PSToastCenter */ = {
			isa = PBXGroup;
			children = (
				28381A691472ED01007E4827 /* bg_toast.png */,
				28381A6A1472ED01007E4827 /* bg_toast@2x.png */,
				28381A6B1472ED01007E4827 /* PSToastCenter.h */,
				28381A6C1472ED01007E4827 /* PSToastCenter.m */,
			);
			path = PSToastCenter;
			sourceTree = "<group>";
		};
		28381A6D1472ED01007E4827 /* PSURLCache */ = {
			isa = PBXGroup;
			children = (
				28381A6E1472ED01007E4827 /* PSURLCache.h */,
				28381A6F1472ED01007E4827 /* PSURLCache.m */,
			);
			path = PSURLCache;
			sourceTree = "<group>";
		};
		28381A801472EF41007E4827 /* PullToRefresh */ = {
			isa = PBXGroup;
			children = (
				28381A811472EF41007E4827 /* EGORefreshTableHeaderView.h */,
				28381A821472EF41007E4827 /* EGORefreshTableHeaderView.m */,
				28381A831472EF41007E4827 /* PullToRefresh.bundle */,
			);
			path = PullToRefresh;
			sourceTree = "<group>";
		};
		2869870B1473108400B40860 /* PSStyleSheet */ = {
			isa = PBXGroup;
			children = (
				2869870C1473108400B40860 /* PSStyleSheet.h */,
				2869870D1473108400B40860 /* PSStyleSheet.m */,
				2869870E1473108400B40860 /* PSStyleSheet-Default.plist */,
			);
			name = PSStyleSheet;
			path = ../src/PSStyleSheet;
			sourceTree = "<group>";
		};
		28698713147312EC00B40860 /* Resources */ = {
			isa = PBXGroup;
			children = (
				2869871C1473139E00B40860 /* BackgroundBlueprint.jpg */,
				2869871D1473139E00B40860 /* BackgroundBlueprint@2x.jpg */,
				2869871E1473139E00B40860 /* BackgroundBlueprint~ipad.jpg */,
				2869871F1473139E00B40860 /* BackgroundLeather.jpg */,
				286987201473139E00B40860 /* BackgroundLeather@2x.jpg */,
				286987211473139E00B40860 /* BackgroundLeather~ipad.jpg */,
				286987221473139E00B40860 /* Default.jpg */,
				286987231473139E00B40860 /* Default@2x.jpg */,
				286987241473139E00B40860 /* Default~ipad.jpg */,
			);
			path = Resources;
			sourceTree = "<group>";
		};
/* End PBXGroup section */

/* Begin PBXNativeTarget section */
		283818BD14723F1D007E4827 /* PSKitDemo */ = {
			isa = PBXNativeTarget;
			buildConfigurationList = 283818D614723F1D007E4827 /* Build configuration list for PBXNativeTarget "PSKitDemo" */;
			buildPhases = (
				283818BA14723F1D007E4827 /* Sources */,
				283818BB14723F1D007E4827 /* Frameworks */,
				283818BC14723F1D007E4827 /* Resources */,
			);
			buildRules = (
			);
			dependencies = (
			);
			name = PSKitDemo;
			productName = PSKitDemo;
			productReference = 283818BE14723F1D007E4827 /* PSKitDemo.app */;
			productType = "com.apple.product-type.application";
		};
/* End PBXNativeTarget section */

/* Begin PBXProject section */
		283818B514723F1C007E4827 /* Project object */ = {
			isa = PBXProject;
			attributes = {
				LastUpgradeCheck = 0420;
			};
			buildConfigurationList = 283818B814723F1C007E4827 /* Build configuration list for PBXProject "PSKitDemo" */;
			compatibilityVersion = "Xcode 3.2";
			developmentRegion = English;
			hasScannedForEncodings = 0;
			knownRegions = (
				en,
			);
			mainGroup = 283818B314723F1C007E4827;
			productRefGroup = 283818BF14723F1D007E4827 /* Products */;
			projectDirPath = "";
			projectRoot = "";
			targets = (
				283818BD14723F1D007E4827 /* PSKitDemo */,
			);
		};
/* End PBXProject section */

/* Begin PBXResourcesBuildPhase section */
		283818BC14723F1D007E4827 /* Resources */ = {
			isa = PBXResourcesBuildPhase;
			buildActionMask = 2147483647;
			files = (
				283818CD14723F1D007E4827 /* InfoPlist.strings in Resources */,
				28381A241472ECFA007E4827 /* PSKit.bundle in Resources */,
				28381A281472ECFA007E4827 /* PSNavigationController.xib in Resources */,
				28381A391472ECFA007E4827 /* FBDialog.bundle in Resources */,
				28381A461472ECFA007E4827 /* SVProgressHUD.bundle in Resources */,
				28381A7A1472ED01007E4827 /* bg_toast.png in Resources */,
				28381A7B1472ED01007E4827 /* bg_toast@2x.png in Resources */,
				28381A851472EF41007E4827 /* PullToRefresh.bundle in Resources */,
				2869870A1473101100B40860 /* PSNavigationBar.bundle in Resources */,
				286987101473108400B40860 /* PSStyleSheet-Default.plist in Resources */,
				286987251473139E00B40860 /* BackgroundBlueprint.jpg in Resources */,
				286987261473139E00B40860 /* BackgroundBlueprint@2x.jpg in Resources */,
				286987271473139E00B40860 /* BackgroundBlueprint~ipad.jpg in Resources */,
				286987281473139E00B40860 /* BackgroundLeather.jpg in Resources */,
				286987291473139E00B40860 /* BackgroundLeather@2x.jpg in Resources */,
				2869872A1473139E00B40860 /* BackgroundLeather~ipad.jpg in Resources */,
				2869872B1473139E00B40860 /* Default.jpg in Resources */,
				2869872C1473139E00B40860 /* Default@2x.jpg in Resources */,
				2869872D1473139E00B40860 /* Default~ipad.jpg in Resources */,
				28698731147387C200B40860 /* PSStyleSheet.plist in Resources */,
			);
			runOnlyForDeploymentPostprocessing = 0;
		};
/* End PBXResourcesBuildPhase section */

/* Begin PBXSourcesBuildPhase section */
		283818BA14723F1D007E4827 /* Sources */ = {
			isa = PBXSourcesBuildPhase;
			buildActionMask = 2147483647;
			files = (
				283818CF14723F1D007E4827 /* main.m in Sources */,
				283818D314723F1D007E4827 /* AppDelegate.m in Sources */,
				2838197E1472ECB9007E4827 /* NSArray+PSKit.m in Sources */,
				2838197F1472ECB9007E4827 /* NSData+PSKit.m in Sources */,
				283819801472ECB9007E4827 /* NSDate+Helper.m in Sources */,
				283819811472ECB9007E4827 /* NSDate+PSKit.m in Sources */,
				283819821472ECB9007E4827 /* NSObject+PSKit.m in Sources */,
				283819831472ECB9007E4827 /* NSString+PSKit.m in Sources */,
				283819841472ECB9007E4827 /* NSURL+PSKit.m in Sources */,
				283819851472ECB9007E4827 /* UIBarButtonItem+PSKit.m in Sources */,
				283819861472ECB9007E4827 /* UIButton+PSKit.m in Sources */,
				283819871472ECB9007E4827 /* UIColor+PSKit.m in Sources */,
				283819881472ECB9007E4827 /* UIDevice+Hardware.m in Sources */,
				283819891472ECB9007E4827 /* UIImage+PSKit.m in Sources */,
				2838198A1472ECB9007E4827 /* UILabel+PSKit.m in Sources */,
				2838198B1472ECB9007E4827 /* UIScreen+PSKit.m in Sources */,
				2838198C1472ECB9007E4827 /* UIView+PSKit.m in Sources */,
				28381A111472ECFA007E4827 /* PSBaseViewController.m in Sources */,
				28381A121472ECFA007E4827 /* PSCell.m in Sources */,
				28381A131472ECFA007E4827 /* PSImageArrayView.m in Sources */,
				28381A141472ECFA007E4827 /* PSImageCell.m in Sources */,
				28381A151472ECFA007E4827 /* PSImageView.m in Sources */,
				28381A161472ECFA007E4827 /* PSNullView.m in Sources */,
				28381A171472ECFA007E4827 /* PSObject.m in Sources */,
				28381A181472ECFA007E4827 /* PSOverlayImageView.m in Sources */,
				28381A191472ECFA007E4827 /* PSRandomSortDescriptor.m in Sources */,
				28381A1A1472ECFA007E4827 /* PSRollupView.m in Sources */,
				28381A1B1472ECFA007E4827 /* PSSearchField.m in Sources */,
				28381A1C1472ECFA007E4827 /* PSStarView.m in Sources */,
				28381A1D1472ECFA007E4827 /* PSTableViewController.m in Sources */,
				28381A1E1472ECFA007E4827 /* PSTextField.m in Sources */,
				28381A1F1472ECFA007E4827 /* PSTextView.m in Sources */,
				28381A201472ECFA007E4827 /* PSTutorialView.m in Sources */,
				28381A211472ECFA007E4827 /* PSURLCacheImageView.m in Sources */,
				28381A221472ECFA007E4827 /* PSView.m in Sources */,
				28381A231472ECFA007E4827 /* PSViewController.m in Sources */,
				28381A271472ECFA007E4827 /* PSNavigationBar.m in Sources */,
				28381A291472ECFA007E4827 /* AFHTTPClient.m in Sources */,
				28381A2A1472ECFA007E4827 /* AFHTTPRequestOperation.m in Sources */,
				28381A2B1472ECFA007E4827 /* AFImageCache.m in Sources */,
				28381A2C1472ECFA007E4827 /* AFImageRequestOperation.m in Sources */,
				28381A2D1472ECFA007E4827 /* AFJSONRequestOperation.m in Sources */,
				28381A2E1472ECFA007E4827 /* AFNetworkActivityIndicatorManager.m in Sources */,
				28381A2F1472ECFA007E4827 /* AFPropertyListRequestOperation.m in Sources */,
				28381A301472ECFA007E4827 /* AFURLConnectionOperation.m in Sources */,
				28381A311472ECFA007E4827 /* AFXMLRequestOperation.m in Sources */,
				28381A321472ECFA007E4827 /* UIImageView+AFNetworking.m in Sources */,
				28381A331472ECFA007E4827 /* AFURLCache.m in Sources */,
				28381A341472ECFA007E4827 /* EGODatabase.m in Sources */,
				28381A351472ECFA007E4827 /* EGODatabaseRequest.m in Sources */,
				28381A361472ECFA007E4827 /* EGODatabaseResult.m in Sources */,
				28381A371472ECFA007E4827 /* EGODatabaseRow.m in Sources */,
				28381A381472ECFA007E4827 /* Facebook.m in Sources */,
				28381A3A1472ECFA007E4827 /* FBDialog.m in Sources */,
				28381A3B1472ECFA007E4827 /* FBLoginDialog.m in Sources */,
				28381A3C1472ECFA007E4827 /* FBRequest.m in Sources */,
				28381A3D1472ECFA007E4827 /* TTTArrayFormatter.m in Sources */,
				28381A3E1472ECFA007E4827 /* TTTHoursOfOperation.m in Sources */,
				28381A3F1472ECFA007E4827 /* TTTLocationFormatter.m in Sources */,
				28381A401472ECFA007E4827 /* TTTOrdinalNumberFormatter.m in Sources */,
				28381A411472ECFA007E4827 /* TTTTimeIntervalFormatter.m in Sources */,
				28381A421472ECFA007E4827 /* TTTURLRequestFormatter.m in Sources */,
				28381A431472ECFA007E4827 /* JSONKit.m in Sources */,
				28381A451472ECFA007E4827 /* Reachability.m in Sources */,
				28381A471472ECFA007E4827 /* SVProgressHUD.m in Sources */,
				28381A481472ECFA007E4827 /* TTTAttributedLabel.m in Sources */,
				28381A701472ED01007E4827 /* PSDatabaseCenter.m in Sources */,
				28381A711472ED01007E4827 /* PSDataCenter.m in Sources */,
				28381A721472ED01007E4827 /* PSFacebookCenter.m in Sources */,
				28381A731472ED01007E4827 /* PSImageCache.m in Sources */,
				28381A741472ED01007E4827 /* PSLocationCenter.m in Sources */,
				28381A751472ED01007E4827 /* PSMailCenter.m in Sources */,
				28381A761472ED01007E4827 /* PSReachabilityCenter.m in Sources */,
				28381A771472ED01007E4827 /* PSSearchCenter.m in Sources */,
				28381A7C1472ED01007E4827 /* PSToastCenter.m in Sources */,
				28381A7D1472ED01007E4827 /* PSURLCache.m in Sources */,
				28381A841472EF41007E4827 /* EGORefreshTableHeaderView.m in Sources */,
				2869870F1473108400B40860 /* PSStyleSheet.m in Sources */,
			);
			runOnlyForDeploymentPostprocessing = 0;
		};
/* End PBXSourcesBuildPhase section */

/* Begin PBXVariantGroup section */
		283818CB14723F1D007E4827 /* InfoPlist.strings */ = {
			isa = PBXVariantGroup;
			children = (
				283818CC14723F1D007E4827 /* en */,
			);
			name = InfoPlist.strings;
			sourceTree = "<group>";
		};
/* End PBXVariantGroup section */

/* Begin XCBuildConfiguration section */
		283818D414723F1D007E4827 /* Debug */ = {
			isa = XCBuildConfiguration;
			buildSettings = {
				ALWAYS_SEARCH_USER_PATHS = NO;
				ARCHS = "$(ARCHS_STANDARD_32_BIT)";
				"CODE_SIGN_IDENTITY[sdk=iphoneos*]" = "iPhone Developer";
				COPY_PHASE_STRIP = NO;
				GCC_C_LANGUAGE_STANDARD = gnu99;
				GCC_DYNAMIC_NO_PIC = NO;
				GCC_OPTIMIZATION_LEVEL = 0;
				GCC_PREPROCESSOR_DEFINITIONS = (
					"DEBUG=1",
					"$(inherited)",
				);
				GCC_SYMBOLS_PRIVATE_EXTERN = NO;
				GCC_VERSION = com.apple.compilers.llvm.clang.1_0;
				GCC_WARN_ABOUT_MISSING_PROTOTYPES = YES;
				GCC_WARN_ABOUT_RETURN_TYPE = YES;
				GCC_WARN_UNUSED_VARIABLE = YES;
				IPHONEOS_DEPLOYMENT_TARGET = 4.3;
				SDKROOT = iphoneos;
			};
			name = Debug;
		};
		283818D514723F1D007E4827 /* Release */ = {
			isa = XCBuildConfiguration;
			buildSettings = {
				ALWAYS_SEARCH_USER_PATHS = NO;
				ARCHS = "$(ARCHS_STANDARD_32_BIT)";
				"CODE_SIGN_IDENTITY[sdk=iphoneos*]" = "iPhone Developer";
				COPY_PHASE_STRIP = YES;
				GCC_C_LANGUAGE_STANDARD = gnu99;
				GCC_VERSION = com.apple.compilers.llvm.clang.1_0;
				GCC_WARN_ABOUT_MISSING_PROTOTYPES = YES;
				GCC_WARN_ABOUT_RETURN_TYPE = YES;
				GCC_WARN_UNUSED_VARIABLE = YES;
				IPHONEOS_DEPLOYMENT_TARGET = 4.3;
				OTHER_CFLAGS = "-DNS_BLOCK_ASSERTIONS=1";
				SDKROOT = iphoneos;
				VALIDATE_PRODUCT = YES;
			};
			name = Release;
		};
		283818D714723F1D007E4827 /* Debug */ = {
			isa = XCBuildConfiguration;
			buildSettings = {
				GCC_PRECOMPILE_PREFIX_HEADER = YES;
				GCC_PREFIX_HEADER = "PSKitDemo/PSKitDemo-Prefix.pch";
				INFOPLIST_FILE = "PSKitDemo/PSKitDemo-Info.plist";
				IPHONEOS_DEPLOYMENT_TARGET = 4.3;
				PRODUCT_NAME = "$(TARGET_NAME)";
				WRAPPER_EXTENSION = app;
			};
			name = Debug;
		};
		283818D814723F1D007E4827 /* Release */ = {
			isa = XCBuildConfiguration;
			buildSettings = {
				GCC_PRECOMPILE_PREFIX_HEADER = YES;
				GCC_PREFIX_HEADER = "PSKitDemo/PSKitDemo-Prefix.pch";
				INFOPLIST_FILE = "PSKitDemo/PSKitDemo-Info.plist";
				IPHONEOS_DEPLOYMENT_TARGET = 4.3;
				PRODUCT_NAME = "$(TARGET_NAME)";
				WRAPPER_EXTENSION = app;
			};
			name = Release;
		};
/* End XCBuildConfiguration section */

/* Begin XCConfigurationList section */
		283818B814723F1C007E4827 /* Build configuration list for PBXProject "PSKitDemo" */ = {
			isa = XCConfigurationList;
			buildConfigurations = (
				283818D414723F1D007E4827 /* Debug */,
				283818D514723F1D007E4827 /* Release */,
			);
			defaultConfigurationIsVisible = 0;
			defaultConfigurationName = Release;
		};
		283818D614723F1D007E4827 /* Build configuration list for PBXNativeTarget "PSKitDemo" */ = {
			isa = XCConfigurationList;
			buildConfigurations = (
				283818D714723F1D007E4827 /* Debug */,
				283818D814723F1D007E4827 /* Release */,
			);
			defaultConfigurationIsVisible = 0;
			defaultConfigurationName = Release;
		};
/* End XCConfigurationList section */
	};
	rootObject = 283818B514723F1C007E4827 /* Project object */;
}
